
Microsoft Visual Studio Solution File, Format Version 12.00
# Visual Studio 15
Project("{FAE04EC0-301F-11D3-BF4B-00C04F79EFBC}") = "XamarinProjectsStructureTemplate.netstandard10", "XamarinProjectsStructureTemplate.netstandard10.csproj", "{EB4C327A-C997-4B24-AE2C-6027F202CA75}"
EndProject
Global
	GlobalSection(SolutionConfigurationPlatforms) = preSolution
		Debug|Any CPU = Debug|Any CPU
		Release|Any CPU = Release|Any CPU
	EndGlobalSection
	GlobalSection(ProjectConfigurationPlatforms) = postSolution
		{EB4C327A-C997-4B24-AE2C-6027F202CA75}.Debug|Any CPU.ActiveCfg = Debug|Any CPU
		{EB4C327A-C997-4B24-AE2C-6027F202CA75}.Debug|Any CPU.Build.0 = Debug|Any CPU
		{EB4C327A-C997-4B24-AE2C-6027F202CA75}.Release|Any CPU.ActiveCfg = Release|Any CPU
		{EB4C327A-C997-4B24-AE2C-6027F202CA75}.Release|Any CPU.Build.0 = Release|Any CPU
	EndGlobalSection
EndGlobal
