
Microsoft Visual Studio Solution File, Format Version 12.00
# Visual Studio Version 16
VisualStudioVersion = 16.0.28803.352
MinimumVisualStudioVersion = 10.0.40219.1
Project("{2150E333-8FDC-42A3-9474-1A3956D46DE8}") = "source", "source", "{6DDE45B4-1260-444B-A03D-C87591099A65}"
EndProject
Project("{2150E333-8FDC-42A3-9474-1A3956D46DE8}") = "tests", "tests", "{F35BC4DE-E181-4856-9BA8-C6A150B8DE26}"
EndProject
Project("{2150E333-8FDC-42A3-9474-1A3956D46DE8}") = "unit-tests", "unit-tests", "{57EF5F51-9314-4AE7-A9C9-030661EA81B7}"
EndProject
Project("{2150E333-8FDC-42A3-9474-1A3956D46DE8}") = "benchmarks", "benchmarks", "{AD14A287-538B-433B-A654-CB14EE367CEF}"
EndProject
Project("{2150E333-8FDC-42A3-9474-1A3956D46DE8}") = "ui-tests", "ui-tests", "{C73DC51C-8882-4FA1-95D0-AC17BB451797}"
EndProject
Project("{9A19103F-16F7-4668-BE54-9A1E7A4F7556}") = "XamarinProjectsStructureTemplate.netstandard10", "..\source\XamarinProjectsStructureTemplate.netstandard10\XamarinProjectsStructureTemplate.netstandard10.csproj", "{FF976658-DBE9-42B8-9751-C8CC0AAF7778}"
EndProject
Project("{D954291E-2A0B-460D-934E-DC6B0785DB48}") = "XamarinProjectsStructureTemplate.Shared", "..\source\XamarinProjectsStructureTemplate.Shared\XamarinProjectsStructureTemplate.Shared.shproj", "{FED5275D-B937-4065-9A08-C17B2D704A14}"
EndProject
Project("{FAE04EC0-301F-11D3-BF4B-00C04F79EFBC}") = "XamarinProjectsStructureTemplate.XamarinAndroid", "..\source\XamarinProjectsStructureTemplate.XamarinAndroid\XamarinProjectsStructureTemplate.XamarinAndroid.csproj", "{BF701D87-B10A-40DB-B5FE-B4DA1B67139C}"
EndProject
Project("{FAE04EC0-301F-11D3-BF4B-00C04F79EFBC}") = "XamarinProjectsStructureTemplate.XamarinIOS", "..\source\XamarinProjectsStructureTemplate.XamarinIOS\XamarinProjectsStructureTemplate.XamarinIOS.csproj", "{0FA4E7C0-318F-4515-AFA4-613FF3A296CB}"
EndProject
Project("{9A19103F-16F7-4668-BE54-9A1E7A4F7556}") = "XamarinProjectsStructureTemplate.Bindings.netstandard10", "..\source\XamarinProjectsStructureTemplate.Bindings.netstandard10\XamarinProjectsStructureTemplate.Bindings.netstandard10.csproj", "{C2DC201B-4D37-4490-9C24-43CE1DF3DC12}"
EndProject
Project("{9A19103F-16F7-4668-BE54-9A1E7A4F7556}") = "XamarinProjectsStructureTemplate.Bindings.XamarinAndroid", "..\source\XamarinProjectsStructureTemplate.Bindings.XamarinAndroid\XamarinProjectsStructureTemplate.Bindings.XamarinAndroid.csproj", "{0AB4836A-2A9F-4755-A0AC-4A86BB6CB36E}"
EndProject
Project("{FAE04EC0-301F-11D3-BF4B-00C04F79EFBC}") = "XamarinProjectsStructureTemplate.Bindings.XamarinAndroid.OldNonSDKStyle", "..\source\XamarinProjectsStructureTemplate.Bindings.XamarinAndroid.OldNonSDKStyle\XamarinProjectsStructureTemplate.Bindings.XamarinAndroid.OldNonSDKStyle.csproj", "{837AE01F-CBB8-4B5A-8766-361787779B9E}"
EndProject
Project("{9A19103F-16F7-4668-BE54-9A1E7A4F7556}") = "XamarinProjectsStructureTemplate.Bindings.XamarinIOS", "..\source\XamarinProjectsStructureTemplate.Bindings.XamarinIOS\XamarinProjectsStructureTemplate.Bindings.XamarinIOS.csproj", "{FFBF2486-846B-447B-9741-AC0A7EE1746F}"
EndProject
Project("{FAE04EC0-301F-11D3-BF4B-00C04F79EFBC}") = "XamarinProjectsStructureTemplate.Bindings.XamarinIOS.OldNonSDKStyle", "..\source\XamarinProjectsStructureTemplate.Bindings.XamarinIOS.OldNonSDKStyle\XamarinProjectsStructureTemplate.Bindings.XamarinIOS.OldNonSDKStyle.csproj", "{86A43EF1-6DF4-48D7-930B-B7590F46113A}"
EndProject
Project("{FAE04EC0-301F-11D3-BF4B-00C04F79EFBC}") = "XamarinProjectsStructureTemplate.Bindings.XamarinMac", "..\source\XamarinProjectsStructureTemplate.Bindings.XamarinMac\XamarinProjectsStructureTemplate.Bindings.XamarinMac.csproj", "{F325B57E-ACBC-421A-976B-5BEE762283F5}"
EndProject
Project("{FAE04EC0-301F-11D3-BF4B-00C04F79EFBC}") = "XamarinProjectsStructureTemplate.XamarinMac", "..\source\XamarinProjectsStructureTemplate.XamarinMac\XamarinProjectsStructureTemplate.XamarinMac.csproj", "{9C25E019-B691-4177-9AC0-F47F555923F0}"
EndProject
Project("{FAE04EC0-301F-11D3-BF4B-00C04F79EFBC}") = "XamarinProjectsStructureTemplate.Bindings.XamarinTvOS", "..\source\XamarinProjectsStructureTemplate.Bindings.XamarinTvOS\XamarinProjectsStructureTemplate.Bindings.XamarinTvOS.csproj", "{141F6ABC-24B3-4922-8568-E5C3C4E0798F}"
EndProject
Project("{FAE04EC0-301F-11D3-BF4B-00C04F79EFBC}") = "XamarinProjectsStructureTemplate.XamarinTvOS", "..\source\XamarinProjectsStructureTemplate.XamarinTvOS\XamarinProjectsStructureTemplate.XamarinTvOS.csproj", "{CC114FA6-463A-4E0B-89FF-85755403096F}"
EndProject
Project("{FAE04EC0-301F-11D3-BF4B-00C04F79EFBC}") = "XamarinProjectsStructureTemplate.Sample.XamarinForms.Blank.Android", "XamarinProjectsStructureTemplate.Sample.XamarinForms.Blank.Android\XamarinProjectsStructureTemplate.Sample.XamarinForms.Blank.Android.csproj", "{DF679B52-7B9C-4B0B-A5A2-8C6DAFC8D1A0}"
EndProject
Project("{FAE04EC0-301F-11D3-BF4B-00C04F79EFBC}") = "XamarinProjectsStructureTemplate.Sample.XamarinForms.Blank.iOS", "XamarinProjectsStructureTemplate.Sample.XamarinForms.Blank.iOS\XamarinProjectsStructureTemplate.Sample.XamarinForms.Blank.iOS.csproj", "{E949DABC-3505-4311-990B-3144B2529063}"
EndProject
Project("{FAE04EC0-301F-11D3-BF4B-00C04F79EFBC}") = "XamarinProjectsStructureTemplate.Sample.XamarinForms.Blank.UITests", "XamarinProjectsStructureTemplate.Sample.XamarinForms.Blank.UITests\XamarinProjectsStructureTemplate.Sample.XamarinForms.Blank.UITests.csproj", "{A84940C1-CD4A-4862-ABC9-A857D6FEC04C}"
EndProject
Project("{9A19103F-16F7-4668-BE54-9A1E7A4F7556}") = "XamarinProjectsStructureTemplate.Sample.XamarinForms.Blank", "XamarinProjectsStructureTemplate.Sample.XamarinForms.Blank\XamarinProjectsStructureTemplate.Sample.XamarinForms.Blank.csproj", "{A47A089F-AA72-44E5-8A58-258DF4A8F6FE}"
EndProject
Project("{FAE04EC0-301F-11D3-BF4B-00C04F79EFBC}") = "XamarinProjectsStructureTemplate.Sample.XamarinForms.Blank.XamarinMac", "XamarinProjectsStructureTemplate.Sample.XamarinForms.Blank.XamarinMac\XamarinProjectsStructureTemplate.Sample.XamarinForms.Blank.XamarinMac.csproj", "{9724C9F7-F0D1-4506-833A-C68ACE0D2FA8}"
EndProject
Project("{FAE04EC0-301F-11D3-BF4B-00C04F79EFBC}") = "XamarinProjectsStructureTemplate.Sample.XamarinForms.Blank.GTK", "XamarinProjectsStructureTemplate.Sample.XamarinForms.Blank.GTK\XamarinProjectsStructureTemplate.Sample.XamarinForms.Blank.GTK.csproj", "{3933D804-FF9A-4D1C-82AF-468004BD8F9B}"
EndProject
Global
	GlobalSection(SharedMSBuildProjectFiles) = preSolution
		..\source\XamarinProjectsStructureTemplate.Shared\XamarinProjectsStructureTemplate.Shared.projitems*{3933d804-ff9a-4d1c-82af-468004bd8f9b}*SharedItemsImports = 4
		..\source\XamarinProjectsStructureTemplate.Shared\XamarinProjectsStructureTemplate.Shared.projitems*{9724c9f7-f0d1-4506-833a-c68ace0d2fa8}*SharedItemsImports = 4
		..\source\XamarinProjectsStructureTemplate.Shared\XamarinProjectsStructureTemplate.Shared.projitems*{a84940c1-cd4a-4862-abc9-a857d6fec04c}*SharedItemsImports = 4
		..\source\XamarinProjectsStructureTemplate.Shared\XamarinProjectsStructureTemplate.Shared.projitems*{df679b52-7b9c-4b0b-a5a2-8c6dafc8d1a0}*SharedItemsImports = 4
		..\source\XamarinProjectsStructureTemplate.Shared\XamarinProjectsStructureTemplate.Shared.projitems*{e949dabc-3505-4311-990b-3144b2529063}*SharedItemsImports = 4
		..\source\XamarinProjectsStructureTemplate.Shared\XamarinProjectsStructureTemplate.Shared.projitems*{fed5275d-b937-4065-9a08-c17b2d704a14}*SharedItemsImports = 13
	EndGlobalSection
	GlobalSection(SolutionConfigurationPlatforms) = preSolution
		Debug|Any CPU = Debug|Any CPU
		Debug|iPhone = Debug|iPhone
		Debug|iPhoneSimulator = Debug|iPhoneSimulator
		Release|Any CPU = Release|Any CPU
		Release|iPhone = Release|iPhone
		Release|iPhoneSimulator = Release|iPhoneSimulator
	EndGlobalSection
	GlobalSection(ProjectConfigurationPlatforms) = postSolution
		{FF976658-DBE9-42B8-9751-C8CC0AAF7778}.Debug|Any CPU.ActiveCfg = Debug|Any CPU
		{FF976658-DBE9-42B8-9751-C8CC0AAF7778}.Debug|Any CPU.Build.0 = Debug|Any CPU
		{FF976658-DBE9-42B8-9751-C8CC0AAF7778}.Debug|iPhone.ActiveCfg = Debug|Any CPU
		{FF976658-DBE9-42B8-9751-C8CC0AAF7778}.Debug|iPhone.Build.0 = Debug|Any CPU
		{FF976658-DBE9-42B8-9751-C8CC0AAF7778}.Debug|iPhoneSimulator.ActiveCfg = Debug|Any CPU
		{FF976658-DBE9-42B8-9751-C8CC0AAF7778}.Debug|iPhoneSimulator.Build.0 = Debug|Any CPU
		{FF976658-DBE9-42B8-9751-C8CC0AAF7778}.Release|Any CPU.ActiveCfg = Release|Any CPU
		{FF976658-DBE9-42B8-9751-C8CC0AAF7778}.Release|Any CPU.Build.0 = Release|Any CPU
		{FF976658-DBE9-42B8-9751-C8CC0AAF7778}.Release|iPhone.ActiveCfg = Release|Any CPU
		{FF976658-DBE9-42B8-9751-C8CC0AAF7778}.Release|iPhone.Build.0 = Release|Any CPU
		{FF976658-DBE9-42B8-9751-C8CC0AAF7778}.Release|iPhoneSimulator.ActiveCfg = Release|Any CPU
		{FF976658-DBE9-42B8-9751-C8CC0AAF7778}.Release|iPhoneSimulator.Build.0 = Release|Any CPU
		{BF701D87-B10A-40DB-B5FE-B4DA1B67139C}.Debug|Any CPU.ActiveCfg = Debug|Any CPU
		{BF701D87-B10A-40DB-B5FE-B4DA1B67139C}.Debug|Any CPU.Build.0 = Debug|Any CPU
		{BF701D87-B10A-40DB-B5FE-B4DA1B67139C}.Debug|iPhone.ActiveCfg = Debug|Any CPU
		{BF701D87-B10A-40DB-B5FE-B4DA1B67139C}.Debug|iPhone.Build.0 = Debug|Any CPU
		{BF701D87-B10A-40DB-B5FE-B4DA1B67139C}.Debug|iPhoneSimulator.ActiveCfg = Debug|Any CPU
		{BF701D87-B10A-40DB-B5FE-B4DA1B67139C}.Debug|iPhoneSimulator.Build.0 = Debug|Any CPU
		{BF701D87-B10A-40DB-B5FE-B4DA1B67139C}.Release|Any CPU.ActiveCfg = Release|Any CPU
		{BF701D87-B10A-40DB-B5FE-B4DA1B67139C}.Release|Any CPU.Build.0 = Release|Any CPU
		{BF701D87-B10A-40DB-B5FE-B4DA1B67139C}.Release|iPhone.ActiveCfg = Release|Any CPU
		{BF701D87-B10A-40DB-B5FE-B4DA1B67139C}.Release|iPhone.Build.0 = Release|Any CPU
		{BF701D87-B10A-40DB-B5FE-B4DA1B67139C}.Release|iPhoneSimulator.ActiveCfg = Release|Any CPU
		{BF701D87-B10A-40DB-B5FE-B4DA1B67139C}.Release|iPhoneSimulator.Build.0 = Release|Any CPU
		{0FA4E7C0-318F-4515-AFA4-613FF3A296CB}.Debug|Any CPU.ActiveCfg = Debug|Any CPU
		{0FA4E7C0-318F-4515-AFA4-613FF3A296CB}.Debug|Any CPU.Build.0 = Debug|Any CPU
		{0FA4E7C0-318F-4515-AFA4-613FF3A296CB}.Debug|iPhone.ActiveCfg = Debug|Any CPU
		{0FA4E7C0-318F-4515-AFA4-613FF3A296CB}.Debug|iPhone.Build.0 = Debug|Any CPU
		{0FA4E7C0-318F-4515-AFA4-613FF3A296CB}.Debug|iPhoneSimulator.ActiveCfg = Debug|Any CPU
		{0FA4E7C0-318F-4515-AFA4-613FF3A296CB}.Debug|iPhoneSimulator.Build.0 = Debug|Any CPU
		{0FA4E7C0-318F-4515-AFA4-613FF3A296CB}.Release|Any CPU.ActiveCfg = Release|Any CPU
		{0FA4E7C0-318F-4515-AFA4-613FF3A296CB}.Release|Any CPU.Build.0 = Release|Any CPU
		{0FA4E7C0-318F-4515-AFA4-613FF3A296CB}.Release|iPhone.ActiveCfg = Release|Any CPU
		{0FA4E7C0-318F-4515-AFA4-613FF3A296CB}.Release|iPhone.Build.0 = Release|Any CPU
		{0FA4E7C0-318F-4515-AFA4-613FF3A296CB}.Release|iPhoneSimulator.ActiveCfg = Release|Any CPU
		{0FA4E7C0-318F-4515-AFA4-613FF3A296CB}.Release|iPhoneSimulator.Build.0 = Release|Any CPU
		{C2DC201B-4D37-4490-9C24-43CE1DF3DC12}.Debug|Any CPU.ActiveCfg = Debug|Any CPU
		{C2DC201B-4D37-4490-9C24-43CE1DF3DC12}.Debug|Any CPU.Build.0 = Debug|Any CPU
		{C2DC201B-4D37-4490-9C24-43CE1DF3DC12}.Debug|iPhone.ActiveCfg = Debug|Any CPU
		{C2DC201B-4D37-4490-9C24-43CE1DF3DC12}.Debug|iPhone.Build.0 = Debug|Any CPU
		{C2DC201B-4D37-4490-9C24-43CE1DF3DC12}.Debug|iPhoneSimulator.ActiveCfg = Debug|Any CPU
		{C2DC201B-4D37-4490-9C24-43CE1DF3DC12}.Debug|iPhoneSimulator.Build.0 = Debug|Any CPU
		{C2DC201B-4D37-4490-9C24-43CE1DF3DC12}.Release|Any CPU.ActiveCfg = Release|Any CPU
		{C2DC201B-4D37-4490-9C24-43CE1DF3DC12}.Release|Any CPU.Build.0 = Release|Any CPU
		{C2DC201B-4D37-4490-9C24-43CE1DF3DC12}.Release|iPhone.ActiveCfg = Release|Any CPU
		{C2DC201B-4D37-4490-9C24-43CE1DF3DC12}.Release|iPhone.Build.0 = Release|Any CPU
		{C2DC201B-4D37-4490-9C24-43CE1DF3DC12}.Release|iPhoneSimulator.ActiveCfg = Release|Any CPU
		{C2DC201B-4D37-4490-9C24-43CE1DF3DC12}.Release|iPhoneSimulator.Build.0 = Release|Any CPU
		{0AB4836A-2A9F-4755-A0AC-4A86BB6CB36E}.Debug|Any CPU.ActiveCfg = Debug|Any CPU
		{0AB4836A-2A9F-4755-A0AC-4A86BB6CB36E}.Debug|Any CPU.Build.0 = Debug|Any CPU
		{0AB4836A-2A9F-4755-A0AC-4A86BB6CB36E}.Debug|iPhone.ActiveCfg = Debug|Any CPU
		{0AB4836A-2A9F-4755-A0AC-4A86BB6CB36E}.Debug|iPhone.Build.0 = Debug|Any CPU
		{0AB4836A-2A9F-4755-A0AC-4A86BB6CB36E}.Debug|iPhoneSimulator.ActiveCfg = Debug|Any CPU
		{0AB4836A-2A9F-4755-A0AC-4A86BB6CB36E}.Debug|iPhoneSimulator.Build.0 = Debug|Any CPU
		{0AB4836A-2A9F-4755-A0AC-4A86BB6CB36E}.Release|Any CPU.ActiveCfg = Release|Any CPU
		{0AB4836A-2A9F-4755-A0AC-4A86BB6CB36E}.Release|Any CPU.Build.0 = Release|Any CPU
		{0AB4836A-2A9F-4755-A0AC-4A86BB6CB36E}.Release|iPhone.ActiveCfg = Release|Any CPU
		{0AB4836A-2A9F-4755-A0AC-4A86BB6CB36E}.Release|iPhone.Build.0 = Release|Any CPU
		{0AB4836A-2A9F-4755-A0AC-4A86BB6CB36E}.Release|iPhoneSimulator.ActiveCfg = Release|Any CPU
		{0AB4836A-2A9F-4755-A0AC-4A86BB6CB36E}.Release|iPhoneSimulator.Build.0 = Release|Any CPU
		{837AE01F-CBB8-4B5A-8766-361787779B9E}.Debug|Any CPU.ActiveCfg = Debug|Any CPU
		{837AE01F-CBB8-4B5A-8766-361787779B9E}.Debug|Any CPU.Build.0 = Debug|Any CPU
		{837AE01F-CBB8-4B5A-8766-361787779B9E}.Debug|iPhone.ActiveCfg = Debug|Any CPU
		{837AE01F-CBB8-4B5A-8766-361787779B9E}.Debug|iPhone.Build.0 = Debug|Any CPU
		{837AE01F-CBB8-4B5A-8766-361787779B9E}.Debug|iPhoneSimulator.ActiveCfg = Debug|Any CPU
		{837AE01F-CBB8-4B5A-8766-361787779B9E}.Debug|iPhoneSimulator.Build.0 = Debug|Any CPU
		{837AE01F-CBB8-4B5A-8766-361787779B9E}.Release|Any CPU.ActiveCfg = Release|Any CPU
		{837AE01F-CBB8-4B5A-8766-361787779B9E}.Release|Any CPU.Build.0 = Release|Any CPU
		{837AE01F-CBB8-4B5A-8766-361787779B9E}.Release|iPhone.ActiveCfg = Release|Any CPU
		{837AE01F-CBB8-4B5A-8766-361787779B9E}.Release|iPhone.Build.0 = Release|Any CPU
		{837AE01F-CBB8-4B5A-8766-361787779B9E}.Release|iPhoneSimulator.ActiveCfg = Release|Any CPU
		{837AE01F-CBB8-4B5A-8766-361787779B9E}.Release|iPhoneSimulator.Build.0 = Release|Any CPU
		{FFBF2486-846B-447B-9741-AC0A7EE1746F}.Debug|Any CPU.ActiveCfg = Debug|Any CPU
		{FFBF2486-846B-447B-9741-AC0A7EE1746F}.Debug|Any CPU.Build.0 = Debug|Any CPU
		{FFBF2486-846B-447B-9741-AC0A7EE1746F}.Debug|iPhone.ActiveCfg = Debug|Any CPU
		{FFBF2486-846B-447B-9741-AC0A7EE1746F}.Debug|iPhone.Build.0 = Debug|Any CPU
		{FFBF2486-846B-447B-9741-AC0A7EE1746F}.Debug|iPhoneSimulator.ActiveCfg = Debug|Any CPU
		{FFBF2486-846B-447B-9741-AC0A7EE1746F}.Debug|iPhoneSimulator.Build.0 = Debug|Any CPU
		{FFBF2486-846B-447B-9741-AC0A7EE1746F}.Release|Any CPU.ActiveCfg = Release|Any CPU
		{FFBF2486-846B-447B-9741-AC0A7EE1746F}.Release|Any CPU.Build.0 = Release|Any CPU
		{FFBF2486-846B-447B-9741-AC0A7EE1746F}.Release|iPhone.ActiveCfg = Release|Any CPU
		{FFBF2486-846B-447B-9741-AC0A7EE1746F}.Release|iPhone.Build.0 = Release|Any CPU
		{FFBF2486-846B-447B-9741-AC0A7EE1746F}.Release|iPhoneSimulator.ActiveCfg = Release|Any CPU
		{FFBF2486-846B-447B-9741-AC0A7EE1746F}.Release|iPhoneSimulator.Build.0 = Release|Any CPU
		{86A43EF1-6DF4-48D7-930B-B7590F46113A}.Debug|Any CPU.ActiveCfg = Debug|Any CPU
		{86A43EF1-6DF4-48D7-930B-B7590F46113A}.Debug|Any CPU.Build.0 = Debug|Any CPU
		{86A43EF1-6DF4-48D7-930B-B7590F46113A}.Debug|iPhone.ActiveCfg = Debug|Any CPU
		{86A43EF1-6DF4-48D7-930B-B7590F46113A}.Debug|iPhone.Build.0 = Debug|Any CPU
		{86A43EF1-6DF4-48D7-930B-B7590F46113A}.Debug|iPhoneSimulator.ActiveCfg = Debug|Any CPU
		{86A43EF1-6DF4-48D7-930B-B7590F46113A}.Debug|iPhoneSimulator.Build.0 = Debug|Any CPU
		{86A43EF1-6DF4-48D7-930B-B7590F46113A}.Release|Any CPU.ActiveCfg = Release|Any CPU
		{86A43EF1-6DF4-48D7-930B-B7590F46113A}.Release|Any CPU.Build.0 = Release|Any CPU
		{86A43EF1-6DF4-48D7-930B-B7590F46113A}.Release|iPhone.ActiveCfg = Release|Any CPU
		{86A43EF1-6DF4-48D7-930B-B7590F46113A}.Release|iPhone.Build.0 = Release|Any CPU
		{86A43EF1-6DF4-48D7-930B-B7590F46113A}.Release|iPhoneSimulator.ActiveCfg = Release|Any CPU
		{86A43EF1-6DF4-48D7-930B-B7590F46113A}.Release|iPhoneSimulator.Build.0 = Release|Any CPU
		{F325B57E-ACBC-421A-976B-5BEE762283F5}.Debug|Any CPU.ActiveCfg = Debug|Any CPU
		{F325B57E-ACBC-421A-976B-5BEE762283F5}.Debug|Any CPU.Build.0 = Debug|Any CPU
		{F325B57E-ACBC-421A-976B-5BEE762283F5}.Debug|iPhone.ActiveCfg = Debug|Any CPU
		{F325B57E-ACBC-421A-976B-5BEE762283F5}.Debug|iPhone.Build.0 = Debug|Any CPU
		{F325B57E-ACBC-421A-976B-5BEE762283F5}.Debug|iPhoneSimulator.ActiveCfg = Debug|Any CPU
		{F325B57E-ACBC-421A-976B-5BEE762283F5}.Debug|iPhoneSimulator.Build.0 = Debug|Any CPU
		{F325B57E-ACBC-421A-976B-5BEE762283F5}.Release|Any CPU.ActiveCfg = Release|Any CPU
		{F325B57E-ACBC-421A-976B-5BEE762283F5}.Release|Any CPU.Build.0 = Release|Any CPU
		{F325B57E-ACBC-421A-976B-5BEE762283F5}.Release|iPhone.ActiveCfg = Release|Any CPU
		{F325B57E-ACBC-421A-976B-5BEE762283F5}.Release|iPhone.Build.0 = Release|Any CPU
		{F325B57E-ACBC-421A-976B-5BEE762283F5}.Release|iPhoneSimulator.ActiveCfg = Release|Any CPU
		{F325B57E-ACBC-421A-976B-5BEE762283F5}.Release|iPhoneSimulator.Build.0 = Release|Any CPU
		{9C25E019-B691-4177-9AC0-F47F555923F0}.Debug|Any CPU.ActiveCfg = Debug|Any CPU
		{9C25E019-B691-4177-9AC0-F47F555923F0}.Debug|Any CPU.Build.0 = Debug|Any CPU
		{9C25E019-B691-4177-9AC0-F47F555923F0}.Debug|iPhone.ActiveCfg = Debug|Any CPU
		{9C25E019-B691-4177-9AC0-F47F555923F0}.Debug|iPhone.Build.0 = Debug|Any CPU
		{9C25E019-B691-4177-9AC0-F47F555923F0}.Debug|iPhoneSimulator.ActiveCfg = Debug|Any CPU
		{9C25E019-B691-4177-9AC0-F47F555923F0}.Debug|iPhoneSimulator.Build.0 = Debug|Any CPU
		{9C25E019-B691-4177-9AC0-F47F555923F0}.Release|Any CPU.ActiveCfg = Release|Any CPU
		{9C25E019-B691-4177-9AC0-F47F555923F0}.Release|Any CPU.Build.0 = Release|Any CPU
		{9C25E019-B691-4177-9AC0-F47F555923F0}.Release|iPhone.ActiveCfg = Release|Any CPU
		{9C25E019-B691-4177-9AC0-F47F555923F0}.Release|iPhone.Build.0 = Release|Any CPU
		{9C25E019-B691-4177-9AC0-F47F555923F0}.Release|iPhoneSimulator.ActiveCfg = Release|Any CPU
		{9C25E019-B691-4177-9AC0-F47F555923F0}.Release|iPhoneSimulator.Build.0 = Release|Any CPU
		{141F6ABC-24B3-4922-8568-E5C3C4E0798F}.Debug|Any CPU.ActiveCfg = Debug|Any CPU
		{141F6ABC-24B3-4922-8568-E5C3C4E0798F}.Debug|Any CPU.Build.0 = Debug|Any CPU
		{141F6ABC-24B3-4922-8568-E5C3C4E0798F}.Debug|iPhone.ActiveCfg = Debug|Any CPU
		{141F6ABC-24B3-4922-8568-E5C3C4E0798F}.Debug|iPhone.Build.0 = Debug|Any CPU
		{141F6ABC-24B3-4922-8568-E5C3C4E0798F}.Debug|iPhoneSimulator.ActiveCfg = Debug|Any CPU
		{141F6ABC-24B3-4922-8568-E5C3C4E0798F}.Debug|iPhoneSimulator.Build.0 = Debug|Any CPU
		{141F6ABC-24B3-4922-8568-E5C3C4E0798F}.Release|Any CPU.ActiveCfg = Release|Any CPU
		{141F6ABC-24B3-4922-8568-E5C3C4E0798F}.Release|Any CPU.Build.0 = Release|Any CPU
		{141F6ABC-24B3-4922-8568-E5C3C4E0798F}.Release|iPhone.ActiveCfg = Release|Any CPU
		{141F6ABC-24B3-4922-8568-E5C3C4E0798F}.Release|iPhone.Build.0 = Release|Any CPU
		{141F6ABC-24B3-4922-8568-E5C3C4E0798F}.Release|iPhoneSimulator.ActiveCfg = Release|Any CPU
		{141F6ABC-24B3-4922-8568-E5C3C4E0798F}.Release|iPhoneSimulator.Build.0 = Release|Any CPU
		{CC114FA6-463A-4E0B-89FF-85755403096F}.Debug|Any CPU.ActiveCfg = Debug|Any CPU
		{CC114FA6-463A-4E0B-89FF-85755403096F}.Debug|Any CPU.Build.0 = Debug|Any CPU
		{CC114FA6-463A-4E0B-89FF-85755403096F}.Debug|iPhone.ActiveCfg = Debug|Any CPU
		{CC114FA6-463A-4E0B-89FF-85755403096F}.Debug|iPhone.Build.0 = Debug|Any CPU
		{CC114FA6-463A-4E0B-89FF-85755403096F}.Debug|iPhoneSimulator.ActiveCfg = Debug|Any CPU
		{CC114FA6-463A-4E0B-89FF-85755403096F}.Debug|iPhoneSimulator.Build.0 = Debug|Any CPU
		{CC114FA6-463A-4E0B-89FF-85755403096F}.Release|Any CPU.ActiveCfg = Release|Any CPU
		{CC114FA6-463A-4E0B-89FF-85755403096F}.Release|Any CPU.Build.0 = Release|Any CPU
		{CC114FA6-463A-4E0B-89FF-85755403096F}.Release|iPhone.ActiveCfg = Release|Any CPU
		{CC114FA6-463A-4E0B-89FF-85755403096F}.Release|iPhone.Build.0 = Release|Any CPU
		{CC114FA6-463A-4E0B-89FF-85755403096F}.Release|iPhoneSimulator.ActiveCfg = Release|Any CPU
		{CC114FA6-463A-4E0B-89FF-85755403096F}.Release|iPhoneSimulator.Build.0 = Release|Any CPU
		{DF679B52-7B9C-4B0B-A5A2-8C6DAFC8D1A0}.Debug|Any CPU.ActiveCfg = Debug|Any CPU
		{DF679B52-7B9C-4B0B-A5A2-8C6DAFC8D1A0}.Debug|Any CPU.Build.0 = Debug|Any CPU
		{DF679B52-7B9C-4B0B-A5A2-8C6DAFC8D1A0}.Debug|iPhone.ActiveCfg = Debug|Any CPU
		{DF679B52-7B9C-4B0B-A5A2-8C6DAFC8D1A0}.Debug|iPhone.Build.0 = Debug|Any CPU
		{DF679B52-7B9C-4B0B-A5A2-8C6DAFC8D1A0}.Debug|iPhoneSimulator.ActiveCfg = Debug|Any CPU
		{DF679B52-7B9C-4B0B-A5A2-8C6DAFC8D1A0}.Debug|iPhoneSimulator.Build.0 = Debug|Any CPU
		{DF679B52-7B9C-4B0B-A5A2-8C6DAFC8D1A0}.Release|Any CPU.ActiveCfg = Release|Any CPU
		{DF679B52-7B9C-4B0B-A5A2-8C6DAFC8D1A0}.Release|Any CPU.Build.0 = Release|Any CPU
		{DF679B52-7B9C-4B0B-A5A2-8C6DAFC8D1A0}.Release|iPhone.ActiveCfg = Release|Any CPU
		{DF679B52-7B9C-4B0B-A5A2-8C6DAFC8D1A0}.Release|iPhone.Build.0 = Release|Any CPU
		{DF679B52-7B9C-4B0B-A5A2-8C6DAFC8D1A0}.Release|iPhoneSimulator.ActiveCfg = Release|Any CPU
		{DF679B52-7B9C-4B0B-A5A2-8C6DAFC8D1A0}.Release|iPhoneSimulator.Build.0 = Release|Any CPU
		{E949DABC-3505-4311-990B-3144B2529063}.Debug|Any CPU.ActiveCfg = Debug|iPhoneSimulator
		{E949DABC-3505-4311-990B-3144B2529063}.Debug|Any CPU.Build.0 = Debug|iPhoneSimulator
		{E949DABC-3505-4311-990B-3144B2529063}.Debug|iPhone.ActiveCfg = Debug|iPhone
		{E949DABC-3505-4311-990B-3144B2529063}.Debug|iPhone.Build.0 = Debug|iPhone
		{E949DABC-3505-4311-990B-3144B2529063}.Debug|iPhoneSimulator.ActiveCfg = Debug|iPhoneSimulator
		{E949DABC-3505-4311-990B-3144B2529063}.Debug|iPhoneSimulator.Build.0 = Debug|iPhoneSimulator
		{E949DABC-3505-4311-990B-3144B2529063}.Release|Any CPU.ActiveCfg = Release|iPhoneSimulator
		{E949DABC-3505-4311-990B-3144B2529063}.Release|Any CPU.Build.0 = Release|iPhoneSimulator
		{E949DABC-3505-4311-990B-3144B2529063}.Release|iPhone.ActiveCfg = Release|iPhone
		{E949DABC-3505-4311-990B-3144B2529063}.Release|iPhone.Build.0 = Release|iPhone
		{E949DABC-3505-4311-990B-3144B2529063}.Release|iPhoneSimulator.ActiveCfg = Release|iPhoneSimulator
		{E949DABC-3505-4311-990B-3144B2529063}.Release|iPhoneSimulator.Build.0 = Release|iPhoneSimulator
		{A84940C1-CD4A-4862-ABC9-A857D6FEC04C}.Debug|Any CPU.ActiveCfg = Debug|Any CPU
		{A84940C1-CD4A-4862-ABC9-A857D6FEC04C}.Debug|Any CPU.Build.0 = Debug|Any CPU
		{A84940C1-CD4A-4862-ABC9-A857D6FEC04C}.Debug|iPhone.ActiveCfg = Debug|Any CPU
		{A84940C1-CD4A-4862-ABC9-A857D6FEC04C}.Debug|iPhone.Build.0 = Debug|Any CPU
		{A84940C1-CD4A-4862-ABC9-A857D6FEC04C}.Debug|iPhoneSimulator.ActiveCfg = Debug|Any CPU
		{A84940C1-CD4A-4862-ABC9-A857D6FEC04C}.Debug|iPhoneSimulator.Build.0 = Debug|Any CPU
		{A84940C1-CD4A-4862-ABC9-A857D6FEC04C}.Release|Any CPU.ActiveCfg = Release|Any CPU
		{A84940C1-CD4A-4862-ABC9-A857D6FEC04C}.Release|Any CPU.Build.0 = Release|Any CPU
		{A84940C1-CD4A-4862-ABC9-A857D6FEC04C}.Release|iPhone.ActiveCfg = Release|Any CPU
		{A84940C1-CD4A-4862-ABC9-A857D6FEC04C}.Release|iPhone.Build.0 = Release|Any CPU
		{A84940C1-CD4A-4862-ABC9-A857D6FEC04C}.Release|iPhoneSimulator.ActiveCfg = Release|Any CPU
		{A84940C1-CD4A-4862-ABC9-A857D6FEC04C}.Release|iPhoneSimulator.Build.0 = Release|Any CPU
		{A47A089F-AA72-44E5-8A58-258DF4A8F6FE}.Debug|Any CPU.ActiveCfg = Debug|Any CPU
		{A47A089F-AA72-44E5-8A58-258DF4A8F6FE}.Debug|Any CPU.Build.0 = Debug|Any CPU
		{A47A089F-AA72-44E5-8A58-258DF4A8F6FE}.Debug|iPhone.ActiveCfg = Debug|Any CPU
		{A47A089F-AA72-44E5-8A58-258DF4A8F6FE}.Debug|iPhone.Build.0 = Debug|Any CPU
		{A47A089F-AA72-44E5-8A58-258DF4A8F6FE}.Debug|iPhoneSimulator.ActiveCfg = Debug|Any CPU
		{A47A089F-AA72-44E5-8A58-258DF4A8F6FE}.Debug|iPhoneSimulator.Build.0 = Debug|Any CPU
		{A47A089F-AA72-44E5-8A58-258DF4A8F6FE}.Release|Any CPU.ActiveCfg = Release|Any CPU
		{A47A089F-AA72-44E5-8A58-258DF4A8F6FE}.Release|Any CPU.Build.0 = Release|Any CPU
		{A47A089F-AA72-44E5-8A58-258DF4A8F6FE}.Release|iPhone.ActiveCfg = Release|Any CPU
		{A47A089F-AA72-44E5-8A58-258DF4A8F6FE}.Release|iPhone.Build.0 = Release|Any CPU
		{A47A089F-AA72-44E5-8A58-258DF4A8F6FE}.Release|iPhoneSimulator.ActiveCfg = Release|Any CPU
		{A47A089F-AA72-44E5-8A58-258DF4A8F6FE}.Release|iPhoneSimulator.Build.0 = Release|Any CPU
		{9724C9F7-F0D1-4506-833A-C68ACE0D2FA8}.Debug|Any CPU.ActiveCfg = Debug|Any CPU
		{9724C9F7-F0D1-4506-833A-C68ACE0D2FA8}.Debug|Any CPU.Build.0 = Debug|Any CPU
		{9724C9F7-F0D1-4506-833A-C68ACE0D2FA8}.Debug|iPhone.ActiveCfg = Debug|Any CPU
		{9724C9F7-F0D1-4506-833A-C68ACE0D2FA8}.Debug|iPhone.Build.0 = Debug|Any CPU
		{9724C9F7-F0D1-4506-833A-C68ACE0D2FA8}.Debug|iPhoneSimulator.ActiveCfg = Debug|Any CPU
		{9724C9F7-F0D1-4506-833A-C68ACE0D2FA8}.Debug|iPhoneSimulator.Build.0 = Debug|Any CPU
		{9724C9F7-F0D1-4506-833A-C68ACE0D2FA8}.Release|Any CPU.ActiveCfg = Release|Any CPU
		{9724C9F7-F0D1-4506-833A-C68ACE0D2FA8}.Release|Any CPU.Build.0 = Release|Any CPU
		{9724C9F7-F0D1-4506-833A-C68ACE0D2FA8}.Release|iPhone.ActiveCfg = Release|Any CPU
		{9724C9F7-F0D1-4506-833A-C68ACE0D2FA8}.Release|iPhone.Build.0 = Release|Any CPU
		{9724C9F7-F0D1-4506-833A-C68ACE0D2FA8}.Release|iPhoneSimulator.ActiveCfg = Release|Any CPU
		{9724C9F7-F0D1-4506-833A-C68ACE0D2FA8}.Release|iPhoneSimulator.Build.0 = Release|Any CPU
		{3933D804-FF9A-4D1C-82AF-468004BD8F9B}.Debug|Any CPU.ActiveCfg = Debug|Any CPU
		{3933D804-FF9A-4D1C-82AF-468004BD8F9B}.Debug|Any CPU.Build.0 = Debug|Any CPU
		{3933D804-FF9A-4D1C-82AF-468004BD8F9B}.Debug|iPhone.ActiveCfg = Debug|Any CPU
		{3933D804-FF9A-4D1C-82AF-468004BD8F9B}.Debug|iPhone.Build.0 = Debug|Any CPU
		{3933D804-FF9A-4D1C-82AF-468004BD8F9B}.Debug|iPhoneSimulator.ActiveCfg = Debug|Any CPU
		{3933D804-FF9A-4D1C-82AF-468004BD8F9B}.Debug|iPhoneSimulator.Build.0 = Debug|Any CPU
		{3933D804-FF9A-4D1C-82AF-468004BD8F9B}.Release|Any CPU.ActiveCfg = Release|Any CPU
		{3933D804-FF9A-4D1C-82AF-468004BD8F9B}.Release|Any CPU.Build.0 = Release|Any CPU
		{3933D804-FF9A-4D1C-82AF-468004BD8F9B}.Release|iPhone.ActiveCfg = Release|Any CPU
		{3933D804-FF9A-4D1C-82AF-468004BD8F9B}.Release|iPhone.Build.0 = Release|Any CPU
		{3933D804-FF9A-4D1C-82AF-468004BD8F9B}.Release|iPhoneSimulator.ActiveCfg = Release|Any CPU
		{3933D804-FF9A-4D1C-82AF-468004BD8F9B}.Release|iPhoneSimulator.Build.0 = Release|Any CPU
	EndGlobalSection
	GlobalSection(SolutionProperties) = preSolution
		HideSolutionNode = FALSE
	EndGlobalSection
	GlobalSection(NestedProjects) = preSolution
		{57EF5F51-9314-4AE7-A9C9-030661EA81B7} = {F35BC4DE-E181-4856-9BA8-C6A150B8DE26}
		{AD14A287-538B-433B-A654-CB14EE367CEF} = {F35BC4DE-E181-4856-9BA8-C6A150B8DE26}
		{C73DC51C-8882-4FA1-95D0-AC17BB451797} = {F35BC4DE-E181-4856-9BA8-C6A150B8DE26}
		{FF976658-DBE9-42B8-9751-C8CC0AAF7778} = {6DDE45B4-1260-444B-A03D-C87591099A65}
		{FED5275D-B937-4065-9A08-C17B2D704A14} = {6DDE45B4-1260-444B-A03D-C87591099A65}
		{BF701D87-B10A-40DB-B5FE-B4DA1B67139C} = {6DDE45B4-1260-444B-A03D-C87591099A65}
		{0FA4E7C0-318F-4515-AFA4-613FF3A296CB} = {6DDE45B4-1260-444B-A03D-C87591099A65}
		{C2DC201B-4D37-4490-9C24-43CE1DF3DC12} = {6DDE45B4-1260-444B-A03D-C87591099A65}
		{0AB4836A-2A9F-4755-A0AC-4A86BB6CB36E} = {6DDE45B4-1260-444B-A03D-C87591099A65}
		{837AE01F-CBB8-4B5A-8766-361787779B9E} = {6DDE45B4-1260-444B-A03D-C87591099A65}
		{FFBF2486-846B-447B-9741-AC0A7EE1746F} = {6DDE45B4-1260-444B-A03D-C87591099A65}
		{86A43EF1-6DF4-48D7-930B-B7590F46113A} = {6DDE45B4-1260-444B-A03D-C87591099A65}
		{F325B57E-ACBC-421A-976B-5BEE762283F5} = {6DDE45B4-1260-444B-A03D-C87591099A65}
		{9C25E019-B691-4177-9AC0-F47F555923F0} = {6DDE45B4-1260-444B-A03D-C87591099A65}
		{141F6ABC-24B3-4922-8568-E5C3C4E0798F} = {6DDE45B4-1260-444B-A03D-C87591099A65}
		{CC114FA6-463A-4E0B-89FF-85755403096F} = {6DDE45B4-1260-444B-A03D-C87591099A65}
	EndGlobalSection
	GlobalSection(ExtensibilityGlobals) = postSolution
		SolutionGuid = {8B2E503E-CD79-4B5D-9394-ECE43B0E6CAE}
	EndGlobalSection
EndGlobal
