
Microsoft Visual Studio Solution File, Format Version 12.00
# Visual Studio 15
VisualStudioVersion = 15.0.27130.2027
MinimumVisualStudioVersion = 10.0.40219.1
Project("{2150E333-8FDC-42A3-9474-1A3956D46DE8}") = "library-source", "library-source", "{56123580-99E9-45AC-8300-ABF8EE1D021E}"
EndProject
Project("{2150E333-8FDC-42A3-9474-1A3956D46DE8}") = "Solution Items", "Solution Items", "{455500BC-A21B-4675-BA87-166BA0CD81A0}"
	ProjectSection(SolutionItems) = preProject
		..\..\..\README.md = ..\..\..\README.md
	EndProjectSection
EndProject
Project("{9A19103F-16F7-4668-BE54-9A1E7A4F7556}") = "HolisticWare.Core.Text.NetStandard11", "..\..\..\source\HolisticWare.Core.Text.NetStandard11\HolisticWare.Core.Text.NetStandard11.csproj", "{BD3F7CD0-5F28-4071-93F8-50350788A21A}"
EndProject
Project("{9A19103F-16F7-4668-BE54-9A1E7A4F7556}") = "HolisticWare.Core.Text.NetStandard13", "..\..\..\source\HolisticWare.Core.Text.NetStandard13\HolisticWare.Core.Text.NetStandard13.csproj", "{A2A89B2A-677A-449D-BD44-093D514E1A93}"
EndProject
Project("{D954291E-2A0B-460D-934E-DC6B0785DB48}") = "Tests.CommonShared", "..\..\Tests.CommonShared\Tests.CommonShared.shproj", "{13AB4AD2-D077-48E0-B6F2-791BC25EB413}"
EndProject
Project("{D954291E-2A0B-460D-934E-DC6B0785DB48}") = "UnitTests.Common.Utils.Shared", "..\UnitTests.Common.Utils.Shared\UnitTests.Common.Utils.Shared.shproj", "{E390F6DA-9F4B-43A4-8ABF-F9434DF2C70D}"
EndProject
Project("{FAE04EC0-301F-11D3-BF4B-00C04F79EFBC}") = "UnitTests.NUnit", "netstandard10\UnitTests.NUnit\UnitTests.NUnit.csproj", "{04F3D823-ABEA-46DD-9EC2-56C08CA074DB}"
EndProject
Project("{FAE04EC0-301F-11D3-BF4B-00C04F79EFBC}") = "UnitTests.XUnit", "netstandard10\UnitTests.XUnit\UnitTests.XUnit.csproj", "{9F02C2A3-1007-424C-9B59-2DE1CD8AA093}"
EndProject
Project("{FAE04EC0-301F-11D3-BF4B-00C04F79EFBC}") = "UnitTests.MSTest", "netstandard10\UnitTests.MSTest\UnitTests.MSTest.csproj", "{DEEE1AF9-3C2B-43E9-A0FC-FD8006354DE3}"
EndProject
Project("{FAE04EC0-301F-11D3-BF4B-00C04F79EFBC}") = "UnitTests.NUnit.XamarinAndroid", "netstandard10\UnitTests.NUnit.XamarinAndroid\UnitTests.NUnit.XamarinAndroid.csproj", "{6144C0CB-53EB-4BFD-B30C-62566C1BE10A}"
EndProject
Project("{FAE04EC0-301F-11D3-BF4B-00C04F79EFBC}") = "UnitTests.NUnit.XamarinIOS", "netstandard10\UnitTests.NUnit.XamarinIOS\UnitTests.NUnit.XamarinIOS.csproj", "{454143FE-45E8-48CE-AE04-71BFB0B413DB}"
EndProject
Project("{2150E333-8FDC-42A3-9474-1A3956D46DE8}") = "externals", "externals", "{3799F198-4FDB-4BFF-811E-D12EEB39D00C}"
EndProject
Project("{9A19103F-16F7-4668-BE54-9A1E7A4F7556}") = "HolisticWare.Core.Sample.Data", "..\..\..\externals\Core.Math.Data\data\HolisticWare.Core.Sample.Data\HolisticWare.Core.Sample.Data.csproj", "{B67B6D51-CD62-4374-9934-029CEFC1337C}"
EndProject
Project("{FAE04EC0-301F-11D3-BF4B-00C04F79EFBC}") = "HolisticWare.Xamarin.Tools.Bindings.XamarinAndroid.AndroidX.Data", "..\..\..\externals\AndroidX.Data\source\HolisticWare.Xamarin.Tools.Bindings.XamarinAndroid.AndroidX.Data\HolisticWare.Xamarin.Tools.Bindings.XamarinAndroid.AndroidX.Data.csproj", "{7AB51321-2155-47AD-BB0A-38171CA5B325}"
EndProject
Project("{2150E333-8FDC-42A3-9474-1A3956D46DE8}") = "netstandard10", "netstandard10", "{306B81A0-DE7A-4731-BF24-53E56011D890}"
EndProject
Project("{2150E333-8FDC-42A3-9474-1A3956D46DE8}") = "netstandard11", "netstandard11", "{070E804F-1682-429A-85BA-49B429C34113}"
EndProject
Project("{9A19103F-16F7-4668-BE54-9A1E7A4F7556}") = "UnitTests.XUnit", "netstandard11\UnitTests.XUnit\UnitTests.XUnit.csproj", "{AA1AC605-2B18-43F7-8C74-3DF1A9105719}"
EndProject
Project("{FAE04EC0-301F-11D3-BF4B-00C04F79EFBC}") = "UnitTests.NUnit", "netstandard11\UnitTests.NUnit\UnitTests.NUnit.csproj", "{AB906CA7-8F41-4766-8C39-535016880452}"
EndProject
Project("{9A19103F-16F7-4668-BE54-9A1E7A4F7556}") = "UnitTests.MSTest", "netstandard11\UnitTests.MSTest\UnitTests.MSTest.csproj", "{74D8294A-DF4E-43B8-B4E3-D25C7E834CB6}"
EndProject
Project("{FAE04EC0-301F-11D3-BF4B-00C04F79EFBC}") = "UnitTests.NUnit.XamarinAndroid", "netstandard11\UnitTests.NUnit.XamarinAndroid\UnitTests.NUnit.XamarinAndroid.csproj", "{62B34E6C-8BCC-4484-A290-DC7BCBE0F6D4}"
EndProject
Project("{FAE04EC0-301F-11D3-BF4B-00C04F79EFBC}") = "UnitTests.NUnit.XamarinIOS", "netstandard11\UnitTests.NUnit.XamarinIOS\UnitTests.NUnit.XamarinIOS.csproj", "{8DC2AC47-4203-4E33-9622-6861FC540D50}"
EndProject
Project("{2150E333-8FDC-42A3-9474-1A3956D46DE8}") = "netstandard13", "netstandard13", "{5C9F8548-D479-4F0E-8FB0-3E364EDF8A4B}"
EndProject
Project("{FAE04EC0-301F-11D3-BF4B-00C04F79EFBC}") = "UnitTests.XUnit", "netstandard13\UnitTests.XUnit\UnitTests.XUnit.csproj", "{8100540C-88CD-412A-8D01-529774B01359}"
EndProject
Project("{FAE04EC0-301F-11D3-BF4B-00C04F79EFBC}") = "UnitTests.NUnit", "netstandard13\UnitTests.NUnit\UnitTests.NUnit.csproj", "{D7807051-4D85-4068-8E21-2FBACDDC5ECD}"
EndProject
Project("{FAE04EC0-301F-11D3-BF4B-00C04F79EFBC}") = "UnitTests.MSTest", "netstandard13\UnitTests.MSTest\UnitTests.MSTest.csproj", "{6CAA3CBC-C59D-4423-954F-3BFCC07B600C}"
EndProject
Project("{FAE04EC0-301F-11D3-BF4B-00C04F79EFBC}") = "UnitTests.NUnit.XamarinAndroid", "netstandard13\UnitTests.NUnit.XamarinAndroid\UnitTests.NUnit.XamarinAndroid.csproj", "{F375D21F-33F2-44EA-BE18-F777CE161F4E}"
EndProject
Project("{FAE04EC0-301F-11D3-BF4B-00C04F79EFBC}") = "UnitTests.NUnit.XamarinIOS", "netstandard13\UnitTests.NUnit.XamarinIOS\UnitTests.NUnit.XamarinIOS.csproj", "{E40E3214-64F4-415D-A0A7-197F9D6D082D}"
EndProject
Project("{FAE04EC0-301F-11D3-BF4B-00C04F79EFBC}") = "Tests.CommonShared.netstandard", "Tests.CommonShared.netstandard\Tests.CommonShared.netstandard.csproj", "{2039F564-4F00-4FDF-9E50-02F7ABC1AC29}"
EndProject
Project("{FAE04EC0-301F-11D3-BF4B-00C04F79EFBC}") = "HolisticWare.Core.Text.NetStandard10", "..\..\..\source\HolisticWare.Core.Text.NetStandard10\HolisticWare.Core.Text.NetStandard10.csproj", "{D216B2BC-25FC-43F9-AF5E-E4175C9FAA1E}"
EndProject
Project("{D954291E-2A0B-460D-934E-DC6B0785DB48}") = "HolisticWare.Core.Text", "..\..\..\source\HolisticWare.Core.Text\HolisticWare.Core.Text.shproj", "{921CFEA5-564C-4975-A20F-8CAD32EA88E3}"
EndProject
Global
	GlobalSection(SharedMSBuildProjectFiles) = preSolution
		..\..\Tests.CommonShared\Tests.CommonShared.projitems*{04f3d823-abea-46dd-9ec2-56c08ca074db}*SharedItemsImports = 4
		..\UnitTests.Common.Utils.Shared\UnitTests.Common.Utils.Shared.projitems*{04f3d823-abea-46dd-9ec2-56c08ca074db}*SharedItemsImports = 4
		..\..\Tests.CommonShared\Tests.CommonShared.projitems*{13ab4ad2-d077-48e0-b6f2-791bc25eb413}*SharedItemsImports = 13
		..\..\Tests.CommonShared\Tests.CommonShared.projitems*{454143fe-45e8-48ce-ae04-71bfb0b413db}*SharedItemsImports = 4
		..\UnitTests.Common.Utils.Shared\UnitTests.Common.Utils.Shared.projitems*{454143fe-45e8-48ce-ae04-71bfb0b413db}*SharedItemsImports = 4
		..\..\Tests.CommonShared\Tests.CommonShared.projitems*{6144c0cb-53eb-4bfd-b30c-62566c1be10a}*SharedItemsImports = 4
		..\UnitTests.Common.Utils.Shared\UnitTests.Common.Utils.Shared.projitems*{6144c0cb-53eb-4bfd-b30c-62566c1be10a}*SharedItemsImports = 4
		..\..\Tests.CommonShared\Tests.CommonShared.projitems*{62b34e6c-8bcc-4484-a290-dc7bcbe0f6d4}*SharedItemsImports = 4
		..\UnitTests.Common.Utils.Shared\UnitTests.Common.Utils.Shared.projitems*{62b34e6c-8bcc-4484-a290-dc7bcbe0f6d4}*SharedItemsImports = 4
		..\..\Tests.CommonShared\Tests.CommonShared.projitems*{8dc2ac47-4203-4e33-9622-6861fc540d50}*SharedItemsImports = 4
		..\UnitTests.Common.Utils.Shared\UnitTests.Common.Utils.Shared.projitems*{8dc2ac47-4203-4e33-9622-6861fc540d50}*SharedItemsImports = 4
		..\..\..\source\HolisticWare.Core.Text\HolisticWare.Core.Text.projitems*{921cfea5-564c-4975-a20f-8cad32ea88e3}*SharedItemsImports = 13
		..\..\Tests.CommonShared\Tests.CommonShared.projitems*{ab906ca7-8f41-4766-8c39-535016880452}*SharedItemsImports = 4
		..\UnitTests.Common.Utils.Shared\UnitTests.Common.Utils.Shared.projitems*{ab906ca7-8f41-4766-8c39-535016880452}*SharedItemsImports = 4
		..\..\Tests.CommonShared\Tests.CommonShared.projitems*{d7807051-4d85-4068-8e21-2fbacddc5ecd}*SharedItemsImports = 4
		..\UnitTests.Common.Utils.Shared\UnitTests.Common.Utils.Shared.projitems*{d7807051-4d85-4068-8e21-2fbacddc5ecd}*SharedItemsImports = 4
		..\UnitTests.Common.Utils.Shared\UnitTests.Common.Utils.Shared.projitems*{e390f6da-9f4b-43a4-8abf-f9434df2c70d}*SharedItemsImports = 13
		..\..\Tests.CommonShared\Tests.CommonShared.projitems*{f375d21f-33f2-44ea-be18-f777ce161f4e}*SharedItemsImports = 4
		..\UnitTests.Common.Utils.Shared\UnitTests.Common.Utils.Shared.projitems*{f375d21f-33f2-44ea-be18-f777ce161f4e}*SharedItemsImports = 4
	EndGlobalSection
	GlobalSection(SolutionConfigurationPlatforms) = preSolution
		Debug|Any CPU = Debug|Any CPU
		Debug|iPhone = Debug|iPhone
		Debug|iPhoneSimulator = Debug|iPhoneSimulator
		Release|Any CPU = Release|Any CPU
		Release|iPhone = Release|iPhone
		Release|iPhoneSimulator = Release|iPhoneSimulator
	EndGlobalSection
	GlobalSection(ProjectConfigurationPlatforms) = postSolution
		{BD3F7CD0-5F28-4071-93F8-50350788A21A}.Debug|Any CPU.ActiveCfg = Debug|Any CPU
		{BD3F7CD0-5F28-4071-93F8-50350788A21A}.Debug|Any CPU.Build.0 = Debug|Any CPU
		{BD3F7CD0-5F28-4071-93F8-50350788A21A}.Debug|iPhone.ActiveCfg = Debug|Any CPU
		{BD3F7CD0-5F28-4071-93F8-50350788A21A}.Debug|iPhone.Build.0 = Debug|Any CPU
		{BD3F7CD0-5F28-4071-93F8-50350788A21A}.Debug|iPhoneSimulator.ActiveCfg = Debug|Any CPU
		{BD3F7CD0-5F28-4071-93F8-50350788A21A}.Debug|iPhoneSimulator.Build.0 = Debug|Any CPU
		{BD3F7CD0-5F28-4071-93F8-50350788A21A}.Release|Any CPU.ActiveCfg = Release|Any CPU
		{BD3F7CD0-5F28-4071-93F8-50350788A21A}.Release|Any CPU.Build.0 = Release|Any CPU
		{BD3F7CD0-5F28-4071-93F8-50350788A21A}.Release|iPhone.ActiveCfg = Release|Any CPU
		{BD3F7CD0-5F28-4071-93F8-50350788A21A}.Release|iPhone.Build.0 = Release|Any CPU
		{BD3F7CD0-5F28-4071-93F8-50350788A21A}.Release|iPhoneSimulator.ActiveCfg = Release|Any CPU
		{BD3F7CD0-5F28-4071-93F8-50350788A21A}.Release|iPhoneSimulator.Build.0 = Release|Any CPU
		{A2A89B2A-677A-449D-BD44-093D514E1A93}.Debug|Any CPU.ActiveCfg = Debug|Any CPU
		{A2A89B2A-677A-449D-BD44-093D514E1A93}.Debug|Any CPU.Build.0 = Debug|Any CPU
		{A2A89B2A-677A-449D-BD44-093D514E1A93}.Debug|iPhone.ActiveCfg = Debug|Any CPU
		{A2A89B2A-677A-449D-BD44-093D514E1A93}.Debug|iPhone.Build.0 = Debug|Any CPU
		{A2A89B2A-677A-449D-BD44-093D514E1A93}.Debug|iPhoneSimulator.ActiveCfg = Debug|Any CPU
		{A2A89B2A-677A-449D-BD44-093D514E1A93}.Debug|iPhoneSimulator.Build.0 = Debug|Any CPU
		{A2A89B2A-677A-449D-BD44-093D514E1A93}.Release|Any CPU.ActiveCfg = Release|Any CPU
		{A2A89B2A-677A-449D-BD44-093D514E1A93}.Release|Any CPU.Build.0 = Release|Any CPU
		{A2A89B2A-677A-449D-BD44-093D514E1A93}.Release|iPhone.ActiveCfg = Release|Any CPU
		{A2A89B2A-677A-449D-BD44-093D514E1A93}.Release|iPhone.Build.0 = Release|Any CPU
		{A2A89B2A-677A-449D-BD44-093D514E1A93}.Release|iPhoneSimulator.ActiveCfg = Release|Any CPU
		{A2A89B2A-677A-449D-BD44-093D514E1A93}.Release|iPhoneSimulator.Build.0 = Release|Any CPU
		{04F3D823-ABEA-46DD-9EC2-56C08CA074DB}.Debug|Any CPU.ActiveCfg = Debug|Any CPU
		{04F3D823-ABEA-46DD-9EC2-56C08CA074DB}.Debug|Any CPU.Build.0 = Debug|Any CPU
		{04F3D823-ABEA-46DD-9EC2-56C08CA074DB}.Debug|iPhone.ActiveCfg = Debug|Any CPU
		{04F3D823-ABEA-46DD-9EC2-56C08CA074DB}.Debug|iPhone.Build.0 = Debug|Any CPU
		{04F3D823-ABEA-46DD-9EC2-56C08CA074DB}.Debug|iPhoneSimulator.ActiveCfg = Debug|Any CPU
		{04F3D823-ABEA-46DD-9EC2-56C08CA074DB}.Debug|iPhoneSimulator.Build.0 = Debug|Any CPU
		{04F3D823-ABEA-46DD-9EC2-56C08CA074DB}.Release|Any CPU.ActiveCfg = Release|Any CPU
		{04F3D823-ABEA-46DD-9EC2-56C08CA074DB}.Release|Any CPU.Build.0 = Release|Any CPU
		{04F3D823-ABEA-46DD-9EC2-56C08CA074DB}.Release|iPhone.ActiveCfg = Release|Any CPU
		{04F3D823-ABEA-46DD-9EC2-56C08CA074DB}.Release|iPhone.Build.0 = Release|Any CPU
		{04F3D823-ABEA-46DD-9EC2-56C08CA074DB}.Release|iPhoneSimulator.ActiveCfg = Release|Any CPU
		{04F3D823-ABEA-46DD-9EC2-56C08CA074DB}.Release|iPhoneSimulator.Build.0 = Release|Any CPU
		{9F02C2A3-1007-424C-9B59-2DE1CD8AA093}.Debug|Any CPU.ActiveCfg = Debug|Any CPU
		{9F02C2A3-1007-424C-9B59-2DE1CD8AA093}.Debug|Any CPU.Build.0 = Debug|Any CPU
		{9F02C2A3-1007-424C-9B59-2DE1CD8AA093}.Debug|iPhone.ActiveCfg = Debug|Any CPU
		{9F02C2A3-1007-424C-9B59-2DE1CD8AA093}.Debug|iPhone.Build.0 = Debug|Any CPU
		{9F02C2A3-1007-424C-9B59-2DE1CD8AA093}.Debug|iPhoneSimulator.ActiveCfg = Debug|Any CPU
		{9F02C2A3-1007-424C-9B59-2DE1CD8AA093}.Debug|iPhoneSimulator.Build.0 = Debug|Any CPU
		{9F02C2A3-1007-424C-9B59-2DE1CD8AA093}.Release|Any CPU.ActiveCfg = Release|Any CPU
		{9F02C2A3-1007-424C-9B59-2DE1CD8AA093}.Release|Any CPU.Build.0 = Release|Any CPU
		{9F02C2A3-1007-424C-9B59-2DE1CD8AA093}.Release|iPhone.ActiveCfg = Release|Any CPU
		{9F02C2A3-1007-424C-9B59-2DE1CD8AA093}.Release|iPhone.Build.0 = Release|Any CPU
		{9F02C2A3-1007-424C-9B59-2DE1CD8AA093}.Release|iPhoneSimulator.ActiveCfg = Release|Any CPU
		{9F02C2A3-1007-424C-9B59-2DE1CD8AA093}.Release|iPhoneSimulator.Build.0 = Release|Any CPU
		{DEEE1AF9-3C2B-43E9-A0FC-FD8006354DE3}.Debug|Any CPU.ActiveCfg = Debug|Any CPU
		{DEEE1AF9-3C2B-43E9-A0FC-FD8006354DE3}.Debug|Any CPU.Build.0 = Debug|Any CPU
		{DEEE1AF9-3C2B-43E9-A0FC-FD8006354DE3}.Debug|iPhone.ActiveCfg = Debug|Any CPU
		{DEEE1AF9-3C2B-43E9-A0FC-FD8006354DE3}.Debug|iPhone.Build.0 = Debug|Any CPU
		{DEEE1AF9-3C2B-43E9-A0FC-FD8006354DE3}.Debug|iPhoneSimulator.ActiveCfg = Debug|Any CPU
		{DEEE1AF9-3C2B-43E9-A0FC-FD8006354DE3}.Debug|iPhoneSimulator.Build.0 = Debug|Any CPU
		{DEEE1AF9-3C2B-43E9-A0FC-FD8006354DE3}.Release|Any CPU.ActiveCfg = Release|Any CPU
		{DEEE1AF9-3C2B-43E9-A0FC-FD8006354DE3}.Release|Any CPU.Build.0 = Release|Any CPU
		{DEEE1AF9-3C2B-43E9-A0FC-FD8006354DE3}.Release|iPhone.ActiveCfg = Release|Any CPU
		{DEEE1AF9-3C2B-43E9-A0FC-FD8006354DE3}.Release|iPhone.Build.0 = Release|Any CPU
		{DEEE1AF9-3C2B-43E9-A0FC-FD8006354DE3}.Release|iPhoneSimulator.ActiveCfg = Release|Any CPU
		{DEEE1AF9-3C2B-43E9-A0FC-FD8006354DE3}.Release|iPhoneSimulator.Build.0 = Release|Any CPU
		{6144C0CB-53EB-4BFD-B30C-62566C1BE10A}.Debug|Any CPU.ActiveCfg = Debug|Any CPU
		{6144C0CB-53EB-4BFD-B30C-62566C1BE10A}.Debug|Any CPU.Build.0 = Debug|Any CPU
		{6144C0CB-53EB-4BFD-B30C-62566C1BE10A}.Debug|iPhone.ActiveCfg = Debug|Any CPU
		{6144C0CB-53EB-4BFD-B30C-62566C1BE10A}.Debug|iPhone.Build.0 = Debug|Any CPU
		{6144C0CB-53EB-4BFD-B30C-62566C1BE10A}.Debug|iPhoneSimulator.ActiveCfg = Debug|Any CPU
		{6144C0CB-53EB-4BFD-B30C-62566C1BE10A}.Debug|iPhoneSimulator.Build.0 = Debug|Any CPU
		{6144C0CB-53EB-4BFD-B30C-62566C1BE10A}.Release|Any CPU.ActiveCfg = Release|Any CPU
		{6144C0CB-53EB-4BFD-B30C-62566C1BE10A}.Release|Any CPU.Build.0 = Release|Any CPU
		{6144C0CB-53EB-4BFD-B30C-62566C1BE10A}.Release|iPhone.ActiveCfg = Release|Any CPU
		{6144C0CB-53EB-4BFD-B30C-62566C1BE10A}.Release|iPhone.Build.0 = Release|Any CPU
		{6144C0CB-53EB-4BFD-B30C-62566C1BE10A}.Release|iPhoneSimulator.ActiveCfg = Release|Any CPU
		{6144C0CB-53EB-4BFD-B30C-62566C1BE10A}.Release|iPhoneSimulator.Build.0 = Release|Any CPU
		{454143FE-45E8-48CE-AE04-71BFB0B413DB}.Debug|Any CPU.ActiveCfg = Debug|iPhoneSimulator
		{454143FE-45E8-48CE-AE04-71BFB0B413DB}.Debug|Any CPU.Build.0 = Debug|iPhoneSimulator
		{454143FE-45E8-48CE-AE04-71BFB0B413DB}.Debug|iPhone.ActiveCfg = Debug|iPhone
		{454143FE-45E8-48CE-AE04-71BFB0B413DB}.Debug|iPhone.Build.0 = Debug|iPhone
		{454143FE-45E8-48CE-AE04-71BFB0B413DB}.Debug|iPhoneSimulator.ActiveCfg = Debug|iPhoneSimulator
		{454143FE-45E8-48CE-AE04-71BFB0B413DB}.Debug|iPhoneSimulator.Build.0 = Debug|iPhoneSimulator
		{454143FE-45E8-48CE-AE04-71BFB0B413DB}.Release|Any CPU.ActiveCfg = Release|iPhone
		{454143FE-45E8-48CE-AE04-71BFB0B413DB}.Release|Any CPU.Build.0 = Release|iPhone
		{454143FE-45E8-48CE-AE04-71BFB0B413DB}.Release|iPhone.ActiveCfg = Release|iPhone
		{454143FE-45E8-48CE-AE04-71BFB0B413DB}.Release|iPhone.Build.0 = Release|iPhone
		{454143FE-45E8-48CE-AE04-71BFB0B413DB}.Release|iPhoneSimulator.ActiveCfg = Release|iPhoneSimulator
		{454143FE-45E8-48CE-AE04-71BFB0B413DB}.Release|iPhoneSimulator.Build.0 = Release|iPhoneSimulator
		{B67B6D51-CD62-4374-9934-029CEFC1337C}.Debug|Any CPU.ActiveCfg = Debug|Any CPU
		{B67B6D51-CD62-4374-9934-029CEFC1337C}.Debug|Any CPU.Build.0 = Debug|Any CPU
		{B67B6D51-CD62-4374-9934-029CEFC1337C}.Debug|iPhone.ActiveCfg = Debug|Any CPU
		{B67B6D51-CD62-4374-9934-029CEFC1337C}.Debug|iPhone.Build.0 = Debug|Any CPU
		{B67B6D51-CD62-4374-9934-029CEFC1337C}.Debug|iPhoneSimulator.ActiveCfg = Debug|Any CPU
		{B67B6D51-CD62-4374-9934-029CEFC1337C}.Debug|iPhoneSimulator.Build.0 = Debug|Any CPU
		{B67B6D51-CD62-4374-9934-029CEFC1337C}.Release|Any CPU.ActiveCfg = Release|Any CPU
		{B67B6D51-CD62-4374-9934-029CEFC1337C}.Release|Any CPU.Build.0 = Release|Any CPU
		{B67B6D51-CD62-4374-9934-029CEFC1337C}.Release|iPhone.ActiveCfg = Release|Any CPU
		{B67B6D51-CD62-4374-9934-029CEFC1337C}.Release|iPhone.Build.0 = Release|Any CPU
		{B67B6D51-CD62-4374-9934-029CEFC1337C}.Release|iPhoneSimulator.ActiveCfg = Release|Any CPU
		{B67B6D51-CD62-4374-9934-029CEFC1337C}.Release|iPhoneSimulator.Build.0 = Release|Any CPU
		{7AB51321-2155-47AD-BB0A-38171CA5B325}.Debug|Any CPU.ActiveCfg = Debug|Any CPU
		{7AB51321-2155-47AD-BB0A-38171CA5B325}.Debug|Any CPU.Build.0 = Debug|Any CPU
		{7AB51321-2155-47AD-BB0A-38171CA5B325}.Debug|iPhone.ActiveCfg = Debug|Any CPU
		{7AB51321-2155-47AD-BB0A-38171CA5B325}.Debug|iPhone.Build.0 = Debug|Any CPU
		{7AB51321-2155-47AD-BB0A-38171CA5B325}.Debug|iPhoneSimulator.ActiveCfg = Debug|Any CPU
		{7AB51321-2155-47AD-BB0A-38171CA5B325}.Debug|iPhoneSimulator.Build.0 = Debug|Any CPU
		{7AB51321-2155-47AD-BB0A-38171CA5B325}.Release|Any CPU.ActiveCfg = Release|Any CPU
		{7AB51321-2155-47AD-BB0A-38171CA5B325}.Release|Any CPU.Build.0 = Release|Any CPU
		{7AB51321-2155-47AD-BB0A-38171CA5B325}.Release|iPhone.ActiveCfg = Release|Any CPU
		{7AB51321-2155-47AD-BB0A-38171CA5B325}.Release|iPhone.Build.0 = Release|Any CPU
		{7AB51321-2155-47AD-BB0A-38171CA5B325}.Release|iPhoneSimulator.ActiveCfg = Release|Any CPU
		{7AB51321-2155-47AD-BB0A-38171CA5B325}.Release|iPhoneSimulator.Build.0 = Release|Any CPU
		{AA1AC605-2B18-43F7-8C74-3DF1A9105719}.Debug|Any CPU.ActiveCfg = Debug|Any CPU
		{AA1AC605-2B18-43F7-8C74-3DF1A9105719}.Debug|Any CPU.Build.0 = Debug|Any CPU
		{AA1AC605-2B18-43F7-8C74-3DF1A9105719}.Debug|iPhone.ActiveCfg = Debug|Any CPU
		{AA1AC605-2B18-43F7-8C74-3DF1A9105719}.Debug|iPhone.Build.0 = Debug|Any CPU
		{AA1AC605-2B18-43F7-8C74-3DF1A9105719}.Debug|iPhoneSimulator.ActiveCfg = Debug|Any CPU
		{AA1AC605-2B18-43F7-8C74-3DF1A9105719}.Debug|iPhoneSimulator.Build.0 = Debug|Any CPU
		{AA1AC605-2B18-43F7-8C74-3DF1A9105719}.Release|Any CPU.ActiveCfg = Release|Any CPU
		{AA1AC605-2B18-43F7-8C74-3DF1A9105719}.Release|Any CPU.Build.0 = Release|Any CPU
		{AA1AC605-2B18-43F7-8C74-3DF1A9105719}.Release|iPhone.ActiveCfg = Release|Any CPU
		{AA1AC605-2B18-43F7-8C74-3DF1A9105719}.Release|iPhone.Build.0 = Release|Any CPU
		{AA1AC605-2B18-43F7-8C74-3DF1A9105719}.Release|iPhoneSimulator.ActiveCfg = Release|Any CPU
		{AA1AC605-2B18-43F7-8C74-3DF1A9105719}.Release|iPhoneSimulator.Build.0 = Release|Any CPU
		{AB906CA7-8F41-4766-8C39-535016880452}.Debug|Any CPU.ActiveCfg = Debug|Any CPU
		{AB906CA7-8F41-4766-8C39-535016880452}.Debug|Any CPU.Build.0 = Debug|Any CPU
		{AB906CA7-8F41-4766-8C39-535016880452}.Debug|iPhone.ActiveCfg = Debug|Any CPU
		{AB906CA7-8F41-4766-8C39-535016880452}.Debug|iPhone.Build.0 = Debug|Any CPU
		{AB906CA7-8F41-4766-8C39-535016880452}.Debug|iPhoneSimulator.ActiveCfg = Debug|Any CPU
		{AB906CA7-8F41-4766-8C39-535016880452}.Debug|iPhoneSimulator.Build.0 = Debug|Any CPU
		{AB906CA7-8F41-4766-8C39-535016880452}.Release|Any CPU.ActiveCfg = Release|Any CPU
		{AB906CA7-8F41-4766-8C39-535016880452}.Release|Any CPU.Build.0 = Release|Any CPU
		{AB906CA7-8F41-4766-8C39-535016880452}.Release|iPhone.ActiveCfg = Release|Any CPU
		{AB906CA7-8F41-4766-8C39-535016880452}.Release|iPhone.Build.0 = Release|Any CPU
		{AB906CA7-8F41-4766-8C39-535016880452}.Release|iPhoneSimulator.ActiveCfg = Release|Any CPU
		{AB906CA7-8F41-4766-8C39-535016880452}.Release|iPhoneSimulator.Build.0 = Release|Any CPU
		{74D8294A-DF4E-43B8-B4E3-D25C7E834CB6}.Debug|Any CPU.ActiveCfg = Debug|Any CPU
		{74D8294A-DF4E-43B8-B4E3-D25C7E834CB6}.Debug|Any CPU.Build.0 = Debug|Any CPU
		{74D8294A-DF4E-43B8-B4E3-D25C7E834CB6}.Debug|iPhone.ActiveCfg = Debug|Any CPU
		{74D8294A-DF4E-43B8-B4E3-D25C7E834CB6}.Debug|iPhone.Build.0 = Debug|Any CPU
		{74D8294A-DF4E-43B8-B4E3-D25C7E834CB6}.Debug|iPhoneSimulator.ActiveCfg = Debug|Any CPU
		{74D8294A-DF4E-43B8-B4E3-D25C7E834CB6}.Debug|iPhoneSimulator.Build.0 = Debug|Any CPU
		{74D8294A-DF4E-43B8-B4E3-D25C7E834CB6}.Release|Any CPU.ActiveCfg = Release|Any CPU
		{74D8294A-DF4E-43B8-B4E3-D25C7E834CB6}.Release|Any CPU.Build.0 = Release|Any CPU
		{74D8294A-DF4E-43B8-B4E3-D25C7E834CB6}.Release|iPhone.ActiveCfg = Release|Any CPU
		{74D8294A-DF4E-43B8-B4E3-D25C7E834CB6}.Release|iPhone.Build.0 = Release|Any CPU
		{74D8294A-DF4E-43B8-B4E3-D25C7E834CB6}.Release|iPhoneSimulator.ActiveCfg = Release|Any CPU
		{74D8294A-DF4E-43B8-B4E3-D25C7E834CB6}.Release|iPhoneSimulator.Build.0 = Release|Any CPU
		{62B34E6C-8BCC-4484-A290-DC7BCBE0F6D4}.Debug|Any CPU.ActiveCfg = Debug|Any CPU
		{62B34E6C-8BCC-4484-A290-DC7BCBE0F6D4}.Debug|Any CPU.Build.0 = Debug|Any CPU
		{62B34E6C-8BCC-4484-A290-DC7BCBE0F6D4}.Debug|iPhone.ActiveCfg = Debug|Any CPU
		{62B34E6C-8BCC-4484-A290-DC7BCBE0F6D4}.Debug|iPhone.Build.0 = Debug|Any CPU
		{62B34E6C-8BCC-4484-A290-DC7BCBE0F6D4}.Debug|iPhoneSimulator.ActiveCfg = Debug|Any CPU
		{62B34E6C-8BCC-4484-A290-DC7BCBE0F6D4}.Debug|iPhoneSimulator.Build.0 = Debug|Any CPU
		{62B34E6C-8BCC-4484-A290-DC7BCBE0F6D4}.Release|Any CPU.ActiveCfg = Release|Any CPU
		{62B34E6C-8BCC-4484-A290-DC7BCBE0F6D4}.Release|Any CPU.Build.0 = Release|Any CPU
		{62B34E6C-8BCC-4484-A290-DC7BCBE0F6D4}.Release|iPhone.ActiveCfg = Release|Any CPU
		{62B34E6C-8BCC-4484-A290-DC7BCBE0F6D4}.Release|iPhone.Build.0 = Release|Any CPU
		{62B34E6C-8BCC-4484-A290-DC7BCBE0F6D4}.Release|iPhoneSimulator.ActiveCfg = Release|Any CPU
		{62B34E6C-8BCC-4484-A290-DC7BCBE0F6D4}.Release|iPhoneSimulator.Build.0 = Release|Any CPU
		{8DC2AC47-4203-4E33-9622-6861FC540D50}.Debug|Any CPU.ActiveCfg = Debug|iPhoneSimulator
		{8DC2AC47-4203-4E33-9622-6861FC540D50}.Debug|Any CPU.Build.0 = Debug|iPhoneSimulator
		{8DC2AC47-4203-4E33-9622-6861FC540D50}.Debug|iPhone.ActiveCfg = Debug|iPhone
		{8DC2AC47-4203-4E33-9622-6861FC540D50}.Debug|iPhone.Build.0 = Debug|iPhone
		{8DC2AC47-4203-4E33-9622-6861FC540D50}.Debug|iPhoneSimulator.ActiveCfg = Debug|iPhoneSimulator
		{8DC2AC47-4203-4E33-9622-6861FC540D50}.Debug|iPhoneSimulator.Build.0 = Debug|iPhoneSimulator
		{8DC2AC47-4203-4E33-9622-6861FC540D50}.Release|Any CPU.ActiveCfg = Release|iPhone
		{8DC2AC47-4203-4E33-9622-6861FC540D50}.Release|Any CPU.Build.0 = Release|iPhone
		{8DC2AC47-4203-4E33-9622-6861FC540D50}.Release|iPhone.ActiveCfg = Release|iPhone
		{8DC2AC47-4203-4E33-9622-6861FC540D50}.Release|iPhone.Build.0 = Release|iPhone
		{8DC2AC47-4203-4E33-9622-6861FC540D50}.Release|iPhoneSimulator.ActiveCfg = Release|iPhoneSimulator
		{8DC2AC47-4203-4E33-9622-6861FC540D50}.Release|iPhoneSimulator.Build.0 = Release|iPhoneSimulator
		{8100540C-88CD-412A-8D01-529774B01359}.Debug|Any CPU.ActiveCfg = Debug|Any CPU
		{8100540C-88CD-412A-8D01-529774B01359}.Debug|Any CPU.Build.0 = Debug|Any CPU
		{8100540C-88CD-412A-8D01-529774B01359}.Debug|iPhone.ActiveCfg = Debug|Any CPU
		{8100540C-88CD-412A-8D01-529774B01359}.Debug|iPhone.Build.0 = Debug|Any CPU
		{8100540C-88CD-412A-8D01-529774B01359}.Debug|iPhoneSimulator.ActiveCfg = Debug|Any CPU
		{8100540C-88CD-412A-8D01-529774B01359}.Debug|iPhoneSimulator.Build.0 = Debug|Any CPU
		{8100540C-88CD-412A-8D01-529774B01359}.Release|Any CPU.ActiveCfg = Release|Any CPU
		{8100540C-88CD-412A-8D01-529774B01359}.Release|Any CPU.Build.0 = Release|Any CPU
		{8100540C-88CD-412A-8D01-529774B01359}.Release|iPhone.ActiveCfg = Release|Any CPU
		{8100540C-88CD-412A-8D01-529774B01359}.Release|iPhone.Build.0 = Release|Any CPU
		{8100540C-88CD-412A-8D01-529774B01359}.Release|iPhoneSimulator.ActiveCfg = Release|Any CPU
		{8100540C-88CD-412A-8D01-529774B01359}.Release|iPhoneSimulator.Build.0 = Release|Any CPU
		{D7807051-4D85-4068-8E21-2FBACDDC5ECD}.Debug|Any CPU.ActiveCfg = Debug|Any CPU
		{D7807051-4D85-4068-8E21-2FBACDDC5ECD}.Debug|Any CPU.Build.0 = Debug|Any CPU
		{D7807051-4D85-4068-8E21-2FBACDDC5ECD}.Debug|iPhone.ActiveCfg = Debug|Any CPU
		{D7807051-4D85-4068-8E21-2FBACDDC5ECD}.Debug|iPhone.Build.0 = Debug|Any CPU
		{D7807051-4D85-4068-8E21-2FBACDDC5ECD}.Debug|iPhoneSimulator.ActiveCfg = Debug|Any CPU
		{D7807051-4D85-4068-8E21-2FBACDDC5ECD}.Debug|iPhoneSimulator.Build.0 = Debug|Any CPU
		{D7807051-4D85-4068-8E21-2FBACDDC5ECD}.Release|Any CPU.ActiveCfg = Release|Any CPU
		{D7807051-4D85-4068-8E21-2FBACDDC5ECD}.Release|Any CPU.Build.0 = Release|Any CPU
		{D7807051-4D85-4068-8E21-2FBACDDC5ECD}.Release|iPhone.ActiveCfg = Release|Any CPU
		{D7807051-4D85-4068-8E21-2FBACDDC5ECD}.Release|iPhone.Build.0 = Release|Any CPU
		{D7807051-4D85-4068-8E21-2FBACDDC5ECD}.Release|iPhoneSimulator.ActiveCfg = Release|Any CPU
		{D7807051-4D85-4068-8E21-2FBACDDC5ECD}.Release|iPhoneSimulator.Build.0 = Release|Any CPU
		{6CAA3CBC-C59D-4423-954F-3BFCC07B600C}.Debug|Any CPU.ActiveCfg = Debug|Any CPU
		{6CAA3CBC-C59D-4423-954F-3BFCC07B600C}.Debug|Any CPU.Build.0 = Debug|Any CPU
		{6CAA3CBC-C59D-4423-954F-3BFCC07B600C}.Debug|iPhone.ActiveCfg = Debug|Any CPU
		{6CAA3CBC-C59D-4423-954F-3BFCC07B600C}.Debug|iPhone.Build.0 = Debug|Any CPU
		{6CAA3CBC-C59D-4423-954F-3BFCC07B600C}.Debug|iPhoneSimulator.ActiveCfg = Debug|Any CPU
		{6CAA3CBC-C59D-4423-954F-3BFCC07B600C}.Debug|iPhoneSimulator.Build.0 = Debug|Any CPU
		{6CAA3CBC-C59D-4423-954F-3BFCC07B600C}.Release|Any CPU.ActiveCfg = Release|Any CPU
		{6CAA3CBC-C59D-4423-954F-3BFCC07B600C}.Release|Any CPU.Build.0 = Release|Any CPU
		{6CAA3CBC-C59D-4423-954F-3BFCC07B600C}.Release|iPhone.ActiveCfg = Release|Any CPU
		{6CAA3CBC-C59D-4423-954F-3BFCC07B600C}.Release|iPhone.Build.0 = Release|Any CPU
		{6CAA3CBC-C59D-4423-954F-3BFCC07B600C}.Release|iPhoneSimulator.ActiveCfg = Release|Any CPU
		{6CAA3CBC-C59D-4423-954F-3BFCC07B600C}.Release|iPhoneSimulator.Build.0 = Release|Any CPU
		{F375D21F-33F2-44EA-BE18-F777CE161F4E}.Debug|Any CPU.ActiveCfg = Debug|Any CPU
		{F375D21F-33F2-44EA-BE18-F777CE161F4E}.Debug|Any CPU.Build.0 = Debug|Any CPU
		{F375D21F-33F2-44EA-BE18-F777CE161F4E}.Debug|iPhone.ActiveCfg = Debug|Any CPU
		{F375D21F-33F2-44EA-BE18-F777CE161F4E}.Debug|iPhone.Build.0 = Debug|Any CPU
		{F375D21F-33F2-44EA-BE18-F777CE161F4E}.Debug|iPhoneSimulator.ActiveCfg = Debug|Any CPU
		{F375D21F-33F2-44EA-BE18-F777CE161F4E}.Debug|iPhoneSimulator.Build.0 = Debug|Any CPU
		{F375D21F-33F2-44EA-BE18-F777CE161F4E}.Release|Any CPU.ActiveCfg = Release|Any CPU
		{F375D21F-33F2-44EA-BE18-F777CE161F4E}.Release|Any CPU.Build.0 = Release|Any CPU
		{F375D21F-33F2-44EA-BE18-F777CE161F4E}.Release|iPhone.ActiveCfg = Release|Any CPU
		{F375D21F-33F2-44EA-BE18-F777CE161F4E}.Release|iPhone.Build.0 = Release|Any CPU
		{F375D21F-33F2-44EA-BE18-F777CE161F4E}.Release|iPhoneSimulator.ActiveCfg = Release|Any CPU
		{F375D21F-33F2-44EA-BE18-F777CE161F4E}.Release|iPhoneSimulator.Build.0 = Release|Any CPU
		{E40E3214-64F4-415D-A0A7-197F9D6D082D}.Debug|Any CPU.ActiveCfg = Debug|iPhoneSimulator
		{E40E3214-64F4-415D-A0A7-197F9D6D082D}.Debug|Any CPU.Build.0 = Debug|iPhoneSimulator
		{E40E3214-64F4-415D-A0A7-197F9D6D082D}.Debug|iPhone.ActiveCfg = Debug|iPhone
		{E40E3214-64F4-415D-A0A7-197F9D6D082D}.Debug|iPhone.Build.0 = Debug|iPhone
		{E40E3214-64F4-415D-A0A7-197F9D6D082D}.Debug|iPhoneSimulator.ActiveCfg = Debug|iPhoneSimulator
		{E40E3214-64F4-415D-A0A7-197F9D6D082D}.Debug|iPhoneSimulator.Build.0 = Debug|iPhoneSimulator
		{E40E3214-64F4-415D-A0A7-197F9D6D082D}.Release|Any CPU.ActiveCfg = Release|iPhone
		{E40E3214-64F4-415D-A0A7-197F9D6D082D}.Release|Any CPU.Build.0 = Release|iPhone
		{E40E3214-64F4-415D-A0A7-197F9D6D082D}.Release|iPhone.ActiveCfg = Release|iPhone
		{E40E3214-64F4-415D-A0A7-197F9D6D082D}.Release|iPhone.Build.0 = Release|iPhone
		{E40E3214-64F4-415D-A0A7-197F9D6D082D}.Release|iPhoneSimulator.ActiveCfg = Release|iPhoneSimulator
		{E40E3214-64F4-415D-A0A7-197F9D6D082D}.Release|iPhoneSimulator.Build.0 = Release|iPhoneSimulator
		{2039F564-4F00-4FDF-9E50-02F7ABC1AC29}.Debug|Any CPU.ActiveCfg = Debug|Any CPU
		{2039F564-4F00-4FDF-9E50-02F7ABC1AC29}.Debug|Any CPU.Build.0 = Debug|Any CPU
		{2039F564-4F00-4FDF-9E50-02F7ABC1AC29}.Debug|iPhone.ActiveCfg = Debug|Any CPU
		{2039F564-4F00-4FDF-9E50-02F7ABC1AC29}.Debug|iPhone.Build.0 = Debug|Any CPU
		{2039F564-4F00-4FDF-9E50-02F7ABC1AC29}.Debug|iPhoneSimulator.ActiveCfg = Debug|Any CPU
		{2039F564-4F00-4FDF-9E50-02F7ABC1AC29}.Debug|iPhoneSimulator.Build.0 = Debug|Any CPU
		{2039F564-4F00-4FDF-9E50-02F7ABC1AC29}.Release|Any CPU.ActiveCfg = Release|Any CPU
		{2039F564-4F00-4FDF-9E50-02F7ABC1AC29}.Release|Any CPU.Build.0 = Release|Any CPU
		{2039F564-4F00-4FDF-9E50-02F7ABC1AC29}.Release|iPhone.ActiveCfg = Release|Any CPU
		{2039F564-4F00-4FDF-9E50-02F7ABC1AC29}.Release|iPhone.Build.0 = Release|Any CPU
		{2039F564-4F00-4FDF-9E50-02F7ABC1AC29}.Release|iPhoneSimulator.ActiveCfg = Release|Any CPU
		{2039F564-4F00-4FDF-9E50-02F7ABC1AC29}.Release|iPhoneSimulator.Build.0 = Release|Any CPU
		{D216B2BC-25FC-43F9-AF5E-E4175C9FAA1E}.Debug|Any CPU.ActiveCfg = Debug|Any CPU
		{D216B2BC-25FC-43F9-AF5E-E4175C9FAA1E}.Debug|Any CPU.Build.0 = Debug|Any CPU
		{D216B2BC-25FC-43F9-AF5E-E4175C9FAA1E}.Debug|iPhone.ActiveCfg = Debug|Any CPU
		{D216B2BC-25FC-43F9-AF5E-E4175C9FAA1E}.Debug|iPhone.Build.0 = Debug|Any CPU
		{D216B2BC-25FC-43F9-AF5E-E4175C9FAA1E}.Debug|iPhoneSimulator.ActiveCfg = Debug|Any CPU
		{D216B2BC-25FC-43F9-AF5E-E4175C9FAA1E}.Debug|iPhoneSimulator.Build.0 = Debug|Any CPU
		{D216B2BC-25FC-43F9-AF5E-E4175C9FAA1E}.Release|Any CPU.ActiveCfg = Release|Any CPU
		{D216B2BC-25FC-43F9-AF5E-E4175C9FAA1E}.Release|Any CPU.Build.0 = Release|Any CPU
		{D216B2BC-25FC-43F9-AF5E-E4175C9FAA1E}.Release|iPhone.ActiveCfg = Release|Any CPU
		{D216B2BC-25FC-43F9-AF5E-E4175C9FAA1E}.Release|iPhone.Build.0 = Release|Any CPU
		{D216B2BC-25FC-43F9-AF5E-E4175C9FAA1E}.Release|iPhoneSimulator.ActiveCfg = Release|Any CPU
		{D216B2BC-25FC-43F9-AF5E-E4175C9FAA1E}.Release|iPhoneSimulator.Build.0 = Release|Any CPU
	EndGlobalSection
	GlobalSection(SolutionProperties) = preSolution
		HideSolutionNode = FALSE
	EndGlobalSection
	GlobalSection(NestedProjects) = preSolution
		{455500BC-A21B-4675-BA87-166BA0CD81A0} = {56123580-99E9-45AC-8300-ABF8EE1D021E}
		{BD3F7CD0-5F28-4071-93F8-50350788A21A} = {56123580-99E9-45AC-8300-ABF8EE1D021E}
		{A2A89B2A-677A-449D-BD44-093D514E1A93} = {56123580-99E9-45AC-8300-ABF8EE1D021E}
		{04F3D823-ABEA-46DD-9EC2-56C08CA074DB} = {306B81A0-DE7A-4731-BF24-53E56011D890}
		{9F02C2A3-1007-424C-9B59-2DE1CD8AA093} = {306B81A0-DE7A-4731-BF24-53E56011D890}
		{DEEE1AF9-3C2B-43E9-A0FC-FD8006354DE3} = {306B81A0-DE7A-4731-BF24-53E56011D890}
		{6144C0CB-53EB-4BFD-B30C-62566C1BE10A} = {306B81A0-DE7A-4731-BF24-53E56011D890}
		{454143FE-45E8-48CE-AE04-71BFB0B413DB} = {306B81A0-DE7A-4731-BF24-53E56011D890}
		{B67B6D51-CD62-4374-9934-029CEFC1337C} = {3799F198-4FDB-4BFF-811E-D12EEB39D00C}
		{7AB51321-2155-47AD-BB0A-38171CA5B325} = {3799F198-4FDB-4BFF-811E-D12EEB39D00C}
		{AA1AC605-2B18-43F7-8C74-3DF1A9105719} = {070E804F-1682-429A-85BA-49B429C34113}
		{AB906CA7-8F41-4766-8C39-535016880452} = {070E804F-1682-429A-85BA-49B429C34113}
		{74D8294A-DF4E-43B8-B4E3-D25C7E834CB6} = {070E804F-1682-429A-85BA-49B429C34113}
		{62B34E6C-8BCC-4484-A290-DC7BCBE0F6D4} = {070E804F-1682-429A-85BA-49B429C34113}
		{8DC2AC47-4203-4E33-9622-6861FC540D50} = {070E804F-1682-429A-85BA-49B429C34113}
		{8100540C-88CD-412A-8D01-529774B01359} = {5C9F8548-D479-4F0E-8FB0-3E364EDF8A4B}
		{D7807051-4D85-4068-8E21-2FBACDDC5ECD} = {5C9F8548-D479-4F0E-8FB0-3E364EDF8A4B}
		{6CAA3CBC-C59D-4423-954F-3BFCC07B600C} = {5C9F8548-D479-4F0E-8FB0-3E364EDF8A4B}
		{F375D21F-33F2-44EA-BE18-F777CE161F4E} = {5C9F8548-D479-4F0E-8FB0-3E364EDF8A4B}
		{E40E3214-64F4-415D-A0A7-197F9D6D082D} = {5C9F8548-D479-4F0E-8FB0-3E364EDF8A4B}
		{D216B2BC-25FC-43F9-AF5E-E4175C9FAA1E} = {56123580-99E9-45AC-8300-ABF8EE1D021E}
		{921CFEA5-564C-4975-A20F-8CAD32EA88E3} = {56123580-99E9-45AC-8300-ABF8EE1D021E}
	EndGlobalSection
	GlobalSection(ExtensibilityGlobals) = postSolution
		SolutionGuid = {440F697D-77CA-4EA5-9C13-585B4998A64A}
	EndGlobalSection
	GlobalSection(MonoDevelopProperties) = preSolution
		Policies = $0
		$0.DotNetNamingPolicy = $1
		$1.DirectoryNamespaceAssociation = PrefixedHierarchical
		$0.TextStylePolicy = $2
		$2.TabsToSpaces = True
		$2.scope = text/x-csharp
		$0.CSharpFormattingPolicy = $3
		$3.scope = text/x-csharp
		$0.TextStylePolicy = $4
		$4.TabsToSpaces = True
		$4.scope = text/plain
		$0.TextStylePolicy = $5
		$5.inheritsSet = null
		$5.scope = text/csv
		$0.StandardHeader = $6
		$6.Text = @/*\n   Copyright (c) ${Year}-${Month}\n\n   ${AuthorName}\n   ${FileName}\n\n   Permission is hereby granted, free of charge, to any person\n   obtaining a copy of this software and associated documentation\n   files (the "Software"), to deal in the Software without\n   restriction, including without limitation the rights to use,\n   copy, modify, merge, publish, distribute, sublicense, and/or sell\n   copies of the Software, and to permit persons to whom the\n   Software is furnished to do so, subject to the following\n   conditions:\n   \n   The above copyright notice and this permission notice shall be\n   included in all copies or substantial portions of the Software.\n   \n   THE SOFTWARE IS PROVIDED "AS IS", WITHOUT WARRANTY OF ANY KIND,\n   EXPRESS OR IMPLIED, INCLUDING BUT NOT LIMITED TO THE WARRANTIES\n   OF MERCHANTABILITY, FITNESS FOR A PARTICULAR PURPOSE AND\n   NONINFRINGEMENT. IN NO EVENT SHALL THE AUTHORS OR COPYRIGHT\n   HOLDERS BE LIABLE FOR ANY CLAIM, DAMAGES OR OTHER LIABILITY,\n   WHETHER IN AN ACTION OF CONTRACT, TORT OR OTHERWISE, ARISING\n   FROM, OUT OF OR IN CONNECTION WITH THE SOFTWARE OR THE USE OR\n   OTHER DEALINGS IN THE SOFTWARE.\n*/
	EndGlobalSection
EndGlobal
