
Microsoft Visual Studio Solution File, Format Version 12.00
# Visual Studio 15
VisualStudioVersion = 15.0.27004.2009
MinimumVisualStudioVersion = 10.0.40219.1
Project("{FAE04EC0-301F-11D3-BF4B-00C04F79EFBC}") = "XamarinProjectsStructureTemplate.netstandard10", "XamarinProjectsStructureTemplate.netstandard10\XamarinProjectsStructureTemplate.netstandard10.csproj", "{FF976658-DBE9-42B8-9751-C8CC0AAF7778}"
EndProject
Project("{D954291E-2A0B-460D-934E-DC6B0785DB48}") = "XamarinProjectsStructureTemplate.Shared", "XamarinProjectsStructureTemplate.Shared\XamarinProjectsStructureTemplate.Shared.shproj", "{FED5275D-B937-4065-9A08-C17B2D704A14}"
EndProject
Project("{FAE04EC0-301F-11D3-BF4B-00C04F79EFBC}") = "XamarinProjectsStructureTemplate.XamarinAndroid", "XamarinProjectsStructureTemplate.XamarinAndroid\XamarinProjectsStructureTemplate.XamarinAndroid.csproj", "{BF701D87-B10A-40DB-B5FE-B4DA1B67139C}"
EndProject
Project("{FAE04EC0-301F-11D3-BF4B-00C04F79EFBC}") = "XamarinProjectsStructureTemplate.XamarinIOS", "XamarinProjectsStructureTemplate.XamarinIOS\XamarinProjectsStructureTemplate.XamarinIOS.csproj", "{0FA4E7C0-318F-4515-AFA4-613FF3A296CB}"
EndProject
Project("{FAE04EC0-301F-11D3-BF4B-00C04F79EFBC}") = "XamarinProjectsStructureTemplate.Bindings.netstandard10", "XamarinProjectsStructureTemplate.Bindings.netstandard10\XamarinProjectsStructureTemplate.Bindings.netstandard10.csproj", "{C2DC201B-4D37-4490-9C24-43CE1DF3DC12}"
EndProject
Project("{FAE04EC0-301F-11D3-BF4B-00C04F79EFBC}") = "XamarinProjectsStructureTemplate.Bindings.XamarinAndroid", "XamarinProjectsStructureTemplate.Bindings.XamarinAndroid\XamarinProjectsStructureTemplate.Bindings.XamarinAndroid.csproj", "{0AB4836A-2A9F-4755-A0AC-4A86BB6CB36E}"
EndProject
Project("{FAE04EC0-301F-11D3-BF4B-00C04F79EFBC}") = "XamarinProjectsStructureTemplate.Bindings.XamarinAndroid.OldNonSDKStyle", "XamarinProjectsStructureTemplate.Bindings.XamarinAndroid.OldNonSDKStyle\XamarinProjectsStructureTemplate.Bindings.XamarinAndroid.OldNonSDKStyle.csproj", "{837AE01F-CBB8-4B5A-8766-361787779B9E}"
EndProject
Project("{FAE04EC0-301F-11D3-BF4B-00C04F79EFBC}") = "XamarinProjectsStructureTemplate.Bindings.XamarinIOS", "XamarinProjectsStructureTemplate.Bindings.XamarinIOS\XamarinProjectsStructureTemplate.Bindings.XamarinIOS.csproj", "{FFBF2486-846B-447B-9741-AC0A7EE1746F}"
EndProject
Project("{FAE04EC0-301F-11D3-BF4B-00C04F79EFBC}") = "XamarinProjectsStructureTemplate.Bindings.XamarinIOS.OldNonSDKStyle", "XamarinProjectsStructureTemplate.Bindings.XamarinIOS.OldNonSDKStyle\XamarinProjectsStructureTemplate.Bindings.XamarinIOS.OldNonSDKStyle.csproj", "{86A43EF1-6DF4-48D7-930B-B7590F46113A}"
EndProject
Project("{FAE04EC0-301F-11D3-BF4B-00C04F79EFBC}") = "XamarinProjectsStructureTemplate.Bindings.XamarinMac", "XamarinProjectsStructureTemplate.Bindings.XamarinMac\XamarinProjectsStructureTemplate.Bindings.XamarinMac.csproj", "{F325B57E-ACBC-421A-976B-5BEE762283F5}"
EndProject
Project("{FAE04EC0-301F-11D3-BF4B-00C04F79EFBC}") = "XamarinProjectsStructureTemplate.XamarinMac", "XamarinProjectsStructureTemplate.XamarinMac\XamarinProjectsStructureTemplate.XamarinMac.csproj", "{9C25E019-B691-4177-9AC0-F47F555923F0}"
EndProject
Project("{FAE04EC0-301F-11D3-BF4B-00C04F79EFBC}") = "XamarinProjectsStructureTemplate.Bindings.XamarinTvOS", "XamarinProjectsStructureTemplate.Bindings.XamarinTvOS\XamarinProjectsStructureTemplate.Bindings.XamarinTvOS.csproj", "{141F6ABC-24B3-4922-8568-E5C3C4E0798F}"
EndProject
Project("{FAE04EC0-301F-11D3-BF4B-00C04F79EFBC}") = "XamarinProjectsStructureTemplate.XamarinTvOS", "XamarinProjectsStructureTemplate.XamarinTvOS\XamarinProjectsStructureTemplate.XamarinTvOS.csproj", "{CC114FA6-463A-4E0B-89FF-85755403096F}"
EndProject
Global
	GlobalSection(SolutionConfigurationPlatforms) = preSolution
		Debug|Any CPU = Debug|Any CPU
		Release|Any CPU = Release|Any CPU
	EndGlobalSection
	GlobalSection(ProjectConfigurationPlatforms) = postSolution
		{C2DC201B-4D37-4490-9C24-43CE1DF3DC12}.Debug|Any CPU.ActiveCfg = Debug|Any CPU
		{C2DC201B-4D37-4490-9C24-43CE1DF3DC12}.Debug|Any CPU.Build.0 = Debug|Any CPU
		{C2DC201B-4D37-4490-9C24-43CE1DF3DC12}.Release|Any CPU.ActiveCfg = Release|Any CPU
		{C2DC201B-4D37-4490-9C24-43CE1DF3DC12}.Release|Any CPU.Build.0 = Release|Any CPU
		{0AB4836A-2A9F-4755-A0AC-4A86BB6CB36E}.Debug|Any CPU.ActiveCfg = Debug|Any CPU
		{0AB4836A-2A9F-4755-A0AC-4A86BB6CB36E}.Debug|Any CPU.Build.0 = Debug|Any CPU
		{0AB4836A-2A9F-4755-A0AC-4A86BB6CB36E}.Release|Any CPU.ActiveCfg = Release|Any CPU
		{0AB4836A-2A9F-4755-A0AC-4A86BB6CB36E}.Release|Any CPU.Build.0 = Release|Any CPU
		{837AE01F-CBB8-4B5A-8766-361787779B9E}.Debug|Any CPU.ActiveCfg = Debug|Any CPU
		{837AE01F-CBB8-4B5A-8766-361787779B9E}.Debug|Any CPU.Build.0 = Debug|Any CPU
		{837AE01F-CBB8-4B5A-8766-361787779B9E}.Release|Any CPU.ActiveCfg = Release|Any CPU
		{837AE01F-CBB8-4B5A-8766-361787779B9E}.Release|Any CPU.Build.0 = Release|Any CPU
		{FFBF2486-846B-447B-9741-AC0A7EE1746F}.Debug|Any CPU.ActiveCfg = Debug|Any CPU
		{FFBF2486-846B-447B-9741-AC0A7EE1746F}.Debug|Any CPU.Build.0 = Debug|Any CPU
		{FFBF2486-846B-447B-9741-AC0A7EE1746F}.Release|Any CPU.ActiveCfg = Release|Any CPU
		{FFBF2486-846B-447B-9741-AC0A7EE1746F}.Release|Any CPU.Build.0 = Release|Any CPU
		{86A43EF1-6DF4-48D7-930B-B7590F46113A}.Debug|Any CPU.ActiveCfg = Debug|Any CPU
		{86A43EF1-6DF4-48D7-930B-B7590F46113A}.Debug|Any CPU.Build.0 = Debug|Any CPU
		{86A43EF1-6DF4-48D7-930B-B7590F46113A}.Release|Any CPU.ActiveCfg = Release|Any CPU
		{86A43EF1-6DF4-48D7-930B-B7590F46113A}.Release|Any CPU.Build.0 = Release|Any CPU
		{FF976658-DBE9-42B8-9751-C8CC0AAF7778}.Debug|Any CPU.ActiveCfg = Debug|Any CPU
		{FF976658-DBE9-42B8-9751-C8CC0AAF7778}.Debug|Any CPU.Build.0 = Debug|Any CPU
		{FF976658-DBE9-42B8-9751-C8CC0AAF7778}.Release|Any CPU.ActiveCfg = Release|Any CPU
		{FF976658-DBE9-42B8-9751-C8CC0AAF7778}.Release|Any CPU.Build.0 = Release|Any CPU
		{BF701D87-B10A-40DB-B5FE-B4DA1B67139C}.Debug|Any CPU.ActiveCfg = Debug|Any CPU
		{BF701D87-B10A-40DB-B5FE-B4DA1B67139C}.Debug|Any CPU.Build.0 = Debug|Any CPU
		{BF701D87-B10A-40DB-B5FE-B4DA1B67139C}.Release|Any CPU.ActiveCfg = Release|Any CPU
		{BF701D87-B10A-40DB-B5FE-B4DA1B67139C}.Release|Any CPU.Build.0 = Release|Any CPU
		{0FA4E7C0-318F-4515-AFA4-613FF3A296CB}.Debug|Any CPU.ActiveCfg = Debug|Any CPU
		{0FA4E7C0-318F-4515-AFA4-613FF3A296CB}.Debug|Any CPU.Build.0 = Debug|Any CPU
		{0FA4E7C0-318F-4515-AFA4-613FF3A296CB}.Release|Any CPU.ActiveCfg = Release|Any CPU
		{0FA4E7C0-318F-4515-AFA4-613FF3A296CB}.Release|Any CPU.Build.0 = Release|Any CPU
		{F325B57E-ACBC-421A-976B-5BEE762283F5}.Debug|Any CPU.ActiveCfg = Debug|Any CPU
		{F325B57E-ACBC-421A-976B-5BEE762283F5}.Debug|Any CPU.Build.0 = Debug|Any CPU
		{F325B57E-ACBC-421A-976B-5BEE762283F5}.Release|Any CPU.ActiveCfg = Release|Any CPU
		{F325B57E-ACBC-421A-976B-5BEE762283F5}.Release|Any CPU.Build.0 = Release|Any CPU
		{9C25E019-B691-4177-9AC0-F47F555923F0}.Debug|Any CPU.ActiveCfg = Debug|Any CPU
		{9C25E019-B691-4177-9AC0-F47F555923F0}.Debug|Any CPU.Build.0 = Debug|Any CPU
		{9C25E019-B691-4177-9AC0-F47F555923F0}.Release|Any CPU.ActiveCfg = Release|Any CPU
		{9C25E019-B691-4177-9AC0-F47F555923F0}.Release|Any CPU.Build.0 = Release|Any CPU
		{141F6ABC-24B3-4922-8568-E5C3C4E0798F}.Debug|Any CPU.ActiveCfg = Debug|Any CPU
		{141F6ABC-24B3-4922-8568-E5C3C4E0798F}.Debug|Any CPU.Build.0 = Debug|Any CPU
		{141F6ABC-24B3-4922-8568-E5C3C4E0798F}.Release|Any CPU.ActiveCfg = Release|Any CPU
		{141F6ABC-24B3-4922-8568-E5C3C4E0798F}.Release|Any CPU.Build.0 = Release|Any CPU
		{CC114FA6-463A-4E0B-89FF-85755403096F}.Debug|Any CPU.ActiveCfg = Debug|Any CPU
		{CC114FA6-463A-4E0B-89FF-85755403096F}.Debug|Any CPU.Build.0 = Debug|Any CPU
		{CC114FA6-463A-4E0B-89FF-85755403096F}.Release|Any CPU.ActiveCfg = Release|Any CPU
		{CC114FA6-463A-4E0B-89FF-85755403096F}.Release|Any CPU.Build.0 = Release|Any CPU
	EndGlobalSection
EndGlobal
